// !$*UTF8*$!
{
	archiveVersion = 1;
	classes = {
	};
	objectVersion = 46;
	objects = {

/* Begin PBXBuildFile section */
		0770A468188C0F5000145954 /* IKBCompilerPreferences.m in Sources */ = {isa = PBXBuildFile; fileRef = 0770A467188C0F5000145954 /* IKBCompilerPreferences.m */; };
		0770A46B188C689D00145954 /* CompilerPreferencesTests.m in Sources */ = {isa = PBXBuildFile; fileRef = 0770A46A188C689D00145954 /* CompilerPreferencesTests.m */; };
		07C93DE9188A1C4000BFFD21 /* IKBCompilerPreferencesViewController.m in Sources */ = {isa = PBXBuildFile; fileRef = 07C93DE7188A1C4000BFFD21 /* IKBCompilerPreferencesViewController.m */; };
		07C93DEA188A1C4000BFFD21 /* IKBCompilerPreferencesViewController.xib in Resources */ = {isa = PBXBuildFile; fileRef = 07C93DE8188A1C4000BFFD21 /* IKBCompilerPreferencesViewController.xib */; };
		07C93DED188A200E00BFFD21 /* IKBBaseSDK.m in Sources */ = {isa = PBXBuildFile; fileRef = 07C93DEC188A200E00BFFD21 /* IKBBaseSDK.m */; };
		07C93DEF188A25F500BFFD21 /* CompilerPreferencesViewControllerTests.m in Sources */ = {isa = PBXBuildFile; fileRef = 07C93DEE188A25F500BFFD21 /* CompilerPreferencesViewControllerTests.m */; };
		07D10B021896A0BC0023A9D9 /* IKBXcodeSelectTaskRunner.m in Sources */ = {isa = PBXBuildFile; fileRef = 07D10B011896A0BC0023A9D9 /* IKBXcodeSelectTaskRunner.m */; };
		07FBA02E1888AE9F00618658 /* IKBPreferencesWindowController.m in Sources */ = {isa = PBXBuildFile; fileRef = 07FBA02D1888AE9F00618658 /* IKBPreferencesWindowController.m */; };
		07FBA0301888AEF500618658 /* IKBPreferencesWindowController.xib in Resources */ = {isa = PBXBuildFile; fileRef = 07FBA02F1888AEF500618658 /* IKBPreferencesWindowController.xib */; };
		07FBA0321888B00800618658 /* PreferencesWindowControllerTests.m in Sources */ = {isa = PBXBuildFile; fileRef = 07FBA0311888B00800618658 /* PreferencesWindowControllerTests.m */; };
		329FD0C45F982C7D538CEE74 /* IKBMethodSignatureSheetController.m in Sources */ = {isa = PBXBuildFile; fileRef = 329FDEFFA8EDA742ACD2D0BE /* IKBMethodSignatureSheetController.m */; };
		329FD3C5E5859855BEE6F96B /* IKBLLVMBitcodeRunner.mm in Sources */ = {isa = PBXBuildFile; fileRef = 329FDB21AE0AAF93F9D48CE7 /* IKBLLVMBitcodeRunner.mm */; };
		329FD402601C2E8E355B4DFB /* MethodSignatureSheetTests.m in Sources */ = {isa = PBXBuildFile; fileRef = 329FD1AB22D5CB2421BE5EB0 /* MethodSignatureSheetTests.m */; };
		329FD4CD7BD92A498FE86CCA /* IKBClangCompiler.mm in Sources */ = {isa = PBXBuildFile; fileRef = 329FD5EFD62015D69340668C /* IKBClangCompiler.mm */; };
		329FD5322DC22E445929B0A2 /* IKBLLVMBitcodeModule.m in Sources */ = {isa = PBXBuildFile; fileRef = 329FD50931E98294CFA2D9A3 /* IKBLLVMBitcodeModule.m */; };
		329FD5DDA8270CBD91A41A29 /* IKBObjectiveCMethod.m in Sources */ = {isa = PBXBuildFile; fileRef = 329FDA99098367C006316F55 /* IKBObjectiveCMethod.m */; };
		329FD9DD239C75CD1327A560 /* IKBMethodSignatureSheetController.xib in Resources */ = {isa = PBXBuildFile; fileRef = 329FD1E05E408248C3AF580B /* IKBMethodSignatureSheetController.xib */; };
		980AC69D185A48CD00611C26 /* ExecutionTests.m in Sources */ = {isa = PBXBuildFile; fileRef = 980AC69C185A48CD00611C26 /* ExecutionTests.m */; };
		980AC6A1185A510000611C26 /* IKBCodeRunner.mm in Sources */ = {isa = PBXBuildFile; fileRef = 980AC6A0185A510000611C26 /* IKBCodeRunner.mm */; };
		980AC6A8185A596400611C26 /* libcurses.dylib in Frameworks */ = {isa = PBXBuildFile; fileRef = 980AC6A7185A596400611C26 /* libcurses.dylib */; };
		980AC6AA185A596C00611C26 /* libz.dylib in Frameworks */ = {isa = PBXBuildFile; fileRef = 980AC6A9185A596C00611C26 /* libz.dylib */; };
		980AC6AE185A5A4200611C26 /* libclangBasic.a in Frameworks */ = {isa = PBXBuildFile; fileRef = 980AC6AD185A5A4200611C26 /* libclangBasic.a */; };
		980AC6B1185A5F2C00611C26 /* libclangDriver.a in Frameworks */ = {isa = PBXBuildFile; fileRef = 980AC6AF185A5F2C00611C26 /* libclangDriver.a */; };
		980AC6B2185A5F2C00611C26 /* libclangFrontend.a in Frameworks */ = {isa = PBXBuildFile; fileRef = 980AC6B0185A5F2C00611C26 /* libclangFrontend.a */; };
		980AC6B5185A5F6200611C26 /* libclangEdit.a in Frameworks */ = {isa = PBXBuildFile; fileRef = 980AC6B3185A5F6200611C26 /* libclangEdit.a */; };
		980AC6B6185A5F6200611C26 /* libclangLex.a in Frameworks */ = {isa = PBXBuildFile; fileRef = 980AC6B4185A5F6200611C26 /* libclangLex.a */; };
		980EA49B185E790F0027A50E /* libclangCodeGen.a in Frameworks */ = {isa = PBXBuildFile; fileRef = 980EA49A185E790F0027A50E /* libclangCodeGen.a */; };
		980EA49D185E79720027A50E /* libclangAST.a in Frameworks */ = {isa = PBXBuildFile; fileRef = 980EA49C185E79720027A50E /* libclangAST.a */; };
		980EA4A2185E79E70027A50E /* libclangRewriteCore.a in Frameworks */ = {isa = PBXBuildFile; fileRef = 980EA49E185E79E70027A50E /* libclangRewriteCore.a */; };
		980EA4A3185E79E70027A50E /* libclangRewriteFrontend.a in Frameworks */ = {isa = PBXBuildFile; fileRef = 980EA49F185E79E70027A50E /* libclangRewriteFrontend.a */; };
		980EA4A4185E79E70027A50E /* libclangSema.a in Frameworks */ = {isa = PBXBuildFile; fileRef = 980EA4A0185E79E70027A50E /* libclangSema.a */; };
		980EA4A5185E79E70027A50E /* libclangSerialization.a in Frameworks */ = {isa = PBXBuildFile; fileRef = 980EA4A1185E79E70027A50E /* libclangSerialization.a */; };
		980EA4AB185E7A560027A50E /* libclangAnalysis.a in Frameworks */ = {isa = PBXBuildFile; fileRef = 980EA4A6185E7A550027A50E /* libclangAnalysis.a */; };
		980EA4AC185E7A560027A50E /* libclangParse.a in Frameworks */ = {isa = PBXBuildFile; fileRef = 980EA4A7185E7A550027A50E /* libclangParse.a */; };
		980EA4AD185E7A560027A50E /* libclangStaticAnalyzerCheckers.a in Frameworks */ = {isa = PBXBuildFile; fileRef = 980EA4A8185E7A550027A50E /* libclangStaticAnalyzerCheckers.a */; };
		980EA4AE185E7A560027A50E /* libclangStaticAnalyzerCore.a in Frameworks */ = {isa = PBXBuildFile; fileRef = 980EA4A9185E7A560027A50E /* libclangStaticAnalyzerCore.a */; };
		980EA4AF185E7A560027A50E /* libclangStaticAnalyzerFrontend.a in Frameworks */ = {isa = PBXBuildFile; fileRef = 980EA4AA185E7A560027A50E /* libclangStaticAnalyzerFrontend.a */; };
		98147994187EBBF1009B8F04 /* OCMock.framework in Frameworks */ = {isa = PBXBuildFile; fileRef = 98147993187EBBF1009B8F04 /* OCMock.framework */; };
		981613F8187C1F1400A0BEDD /* IKBCompilerTranscriptWindowController.m in Sources */ = {isa = PBXBuildFile; fileRef = 981613F6187C1F1400A0BEDD /* IKBCompilerTranscriptWindowController.m */; };
		981613F9187C1F1400A0BEDD /* IKBCompilerTranscriptWindowController.xib in Resources */ = {isa = PBXBuildFile; fileRef = 981613F7187C1F1400A0BEDD /* IKBCompilerTranscriptWindowController.xib */; };
		981613FB187C22F200A0BEDD /* CompilerTranscriptTests.m in Sources */ = {isa = PBXBuildFile; fileRef = 981613FA187C22F200A0BEDD /* CompilerTranscriptTests.m */; };
		981DD5B418912A8B00EB971D /* emptysource in Resources */ = {isa = PBXBuildFile; fileRef = 981DD5B318912A8A00EB971D /* emptysource */; };
		9828F186187EBEAF003F1DC6 /* OCMock.framework in CopyFiles */ = {isa = PBXBuildFile; fileRef = 98147993187EBBF1009B8F04 /* OCMock.framework */; };
		9828F189187EC515003F1DC6 /* IKBCompileAndRunCodeCommand.m in Sources */ = {isa = PBXBuildFile; fileRef = 9828F188187EC515003F1DC6 /* IKBCompileAndRunCodeCommand.m */; };
		9828F18B187EC7A6003F1DC6 /* CompileAndRunCodeCommandHandlerTests.m in Sources */ = {isa = PBXBuildFile; fileRef = 9828F18A187EC7A6003F1DC6 /* CompileAndRunCodeCommandHandlerTests.m */; };
		9828F18D187EDE17003F1DC6 /* AppDelegateTests.m in Sources */ = {isa = PBXBuildFile; fileRef = 9828F18C187EDE17003F1DC6 /* AppDelegateTests.m */; };
		9828F190187EDFEF003F1DC6 /* IKBCompileAndRunCodeCommandHandler.m in Sources */ = {isa = PBXBuildFile; fileRef = 9828F18F187EDFEF003F1DC6 /* IKBCompileAndRunCodeCommandHandler.m */; };
		9880882A1B4A5AAB00D741B3 /* IKBInspectorDataSource.m in Sources */ = {isa = PBXBuildFile; fileRef = 988088291B4A5AAB00D741B3 /* IKBInspectorDataSource.m */; settings = {COMPILER_FLAGS = "-fno-objc-arc"; }; };
		9883068B187AB05200A4325C /* XcodeClangArgumentBuilderTests.m in Sources */ = {isa = PBXBuildFile; fileRef = 9883068A187AB05200A4325C /* XcodeClangArgumentBuilderTests.m */; };
		9883068F187ABA1D00A4325C /* IKBXcodeClangArgumentBuilder.m in Sources */ = {isa = PBXBuildFile; fileRef = 9883068E187ABA1D00A4325C /* IKBXcodeClangArgumentBuilder.m */; };
		98830692187ABD5100A4325C /* HumbleCompilerArgumentBuilder.m in Sources */ = {isa = PBXBuildFile; fileRef = 98830691187ABD5100A4325C /* HumbleCompilerArgumentBuilder.m */; };
		98B6620D185728A20045FDBD /* Cocoa.framework in Frameworks */ = {isa = PBXBuildFile; fileRef = 98B6620C185728A20045FDBD /* Cocoa.framework */; };
		98B66217185728A20045FDBD /* InfoPlist.strings in Resources */ = {isa = PBXBuildFile; fileRef = 98B66215185728A20045FDBD /* InfoPlist.strings */; };
		98B66219185728A20045FDBD /* main.m in Sources */ = {isa = PBXBuildFile; fileRef = 98B66218185728A20045FDBD /* main.m */; };
		98B6621D185728A20045FDBD /* Credits.rtf in Resources */ = {isa = PBXBuildFile; fileRef = 98B6621B185728A20045FDBD /* Credits.rtf */; };
		98B66220185728A20045FDBD /* IKBAppDelegate.m in Sources */ = {isa = PBXBuildFile; fileRef = 98B6621F185728A20045FDBD /* IKBAppDelegate.m */; };
		98B66223185728A20045FDBD /* MainMenu.xib in Resources */ = {isa = PBXBuildFile; fileRef = 98B66221185728A20045FDBD /* MainMenu.xib */; };
		98B66225185728A20045FDBD /* Images.xcassets in Resources */ = {isa = PBXBuildFile; fileRef = 98B66224185728A20045FDBD /* Images.xcassets */; };
		98B6622C185728A20045FDBD /* XCTest.framework in Frameworks */ = {isa = PBXBuildFile; fileRef = 98B6622B185728A20045FDBD /* XCTest.framework */; };
		98B6622D185728A20045FDBD /* Cocoa.framework in Frameworks */ = {isa = PBXBuildFile; fileRef = 98B6620C185728A20045FDBD /* Cocoa.framework */; };
		98B66235185728A20045FDBD /* InfoPlist.strings in Resources */ = {isa = PBXBuildFile; fileRef = 98B66233185728A20045FDBD /* InfoPlist.strings */; };
		98B66237185728A20045FDBD /* ClassBrowserTests.m in Sources */ = {isa = PBXBuildFile; fileRef = 98B66236185728A20045FDBD /* ClassBrowserTests.m */; };
		98B6624318574B900045FDBD /* IKBClassBrowserSource.m in Sources */ = {isa = PBXBuildFile; fileRef = 98B6624218574B900045FDBD /* IKBClassBrowserSource.m */; };
		98B66249185780320045FDBD /* ClassListTests.m in Sources */ = {isa = PBXBuildFile; fileRef = 98B66248185780320045FDBD /* ClassListTests.m */; };
		98B6624B185788410045FDBD /* IKBRuntimeClassList.m in Sources */ = {isa = PBXBuildFile; fileRef = 98B6624A185788410045FDBD /* IKBRuntimeClassList.m */; settings = {COMPILER_FLAGS = "-fno-objc-arc"; }; };
		98B6624C185791510045FDBD /* FakeClassList.m in Sources */ = {isa = PBXBuildFile; fileRef = 98B6624518574BE90045FDBD /* FakeClassList.m */; };
		98B6624E1857D3A10045FDBD /* BrowserWindowControllerTests.m in Sources */ = {isa = PBXBuildFile; fileRef = 98B6624D1857D3A10045FDBD /* BrowserWindowControllerTests.m */; };
		98B662521857D7480045FDBD /* IKBClassBrowserWindowController.m in Sources */ = {isa = PBXBuildFile; fileRef = 98B662501857D7480045FDBD /* IKBClassBrowserWindowController.m */; };
		98B662531857D7480045FDBD /* IKBClassBrowserWindowController.xib in Resources */ = {isa = PBXBuildFile; fileRef = 98B662511857D7480045FDBD /* IKBClassBrowserWindowController.xib */; };
		98B811D718621EF5004FF75F /* CodeTextViewControllerTests.m in Sources */ = {isa = PBXBuildFile; fileRef = 98B811D618621EF5004FF75F /* CodeTextViewControllerTests.m */; };
		98B811DD186232C6004FF75F /* IKBCodeEditorViewController.m in Sources */ = {isa = PBXBuildFile; fileRef = 98B811DC186232C6004FF75F /* IKBCodeEditorViewController.m */; };
		98C653381B4A4E7A002987DE /* ObjectInspectorTests.m in Sources */ = {isa = PBXBuildFile; fileRef = 98C653371B4A4E7A002987DE /* ObjectInspectorTests.m */; };
		98CD1F181B5633F200733BAA /* IKBSourceRepositoryClassList.m in Sources */ = {isa = PBXBuildFile; fileRef = 98CD1F171B5633F200733BAA /* IKBSourceRepositoryClassList.m */; };
		98CD1F1A1B5634E100733BAA /* SourceRepositoryClassListAdapterTests.m in Sources */ = {isa = PBXBuildFile; fileRef = 98CD1F191B5634E100733BAA /* SourceRepositoryClassListAdapterTests.m */; };
		98CD1F1D1B56368900733BAA /* IKBObjectiveCClass.m in Sources */ = {isa = PBXBuildFile; fileRef = 98CD1F1C1B56368900733BAA /* IKBObjectiveCClass.m */; };
		98D7836418760BBD00C9137E /* IKBViewControllerOwnedView.m in Sources */ = {isa = PBXBuildFile; fileRef = 98D7836318760BBD00C9137E /* IKBViewControllerOwnedView.m */; };
		98ECDA4C1B542E3E003E951F /* MethodTests.m in Sources */ = {isa = PBXBuildFile; fileRef = 98ECDA4B1B542E3E003E951F /* MethodTests.m */; };
		98ECDA4F1B54DC19003E951F /* IKBSourceRepository.m in Sources */ = {isa = PBXBuildFile; fileRef = 98ECDA4E1B54DC19003E951F /* IKBSourceRepository.m */; };
		98ECDA511B54DCBD003E951F /* SourceRepositoryTests.m in Sources */ = {isa = PBXBuildFile; fileRef = 98ECDA501B54DCBD003E951F /* SourceRepositoryTests.m */; };
		98F370F01B4BA1A900802347 /* IKBInspectorWindowController.m in Sources */ = {isa = PBXBuildFile; fileRef = 98F370EE1B4BA1A900802347 /* IKBInspectorWindowController.m */; };
		98F370F11B4BA1A900802347 /* IKBInspectorWindowController.xib in Resources */ = {isa = PBXBuildFile; fileRef = 98F370EF1B4BA1A900802347 /* IKBInspectorWindowController.xib */; };
		98F370F31B4C3CA400802347 /* InspectorControllerTests.m in Sources */ = {isa = PBXBuildFile; fileRef = 98F370F21B4C3CA400802347 /* InspectorControllerTests.m */; };
		98F370F71B4D67E800802347 /* IKBInspectorProvider.m in Sources */ = {isa = PBXBuildFile; fileRef = 98F370F61B4D67E800802347 /* IKBInspectorProvider.m */; };
		98FFC98A187DA4FD00FE1659 /* IKBCommandBus.m in Sources */ = {isa = PBXBuildFile; fileRef = 98FFC987187DA4FD00FE1659 /* IKBCommandBus.m */; settings = {COMPILER_FLAGS = "-fno-objc-arc"; }; };
/* End PBXBuildFile section */

/* Begin PBXContainerItemProxy section */
		98B6622E185728A20045FDBD /* PBXContainerItemProxy */ = {
			isa = PBXContainerItemProxy;
			containerPortal = 98B66201185728A10045FDBD /* Project object */;
			proxyType = 1;
			remoteGlobalIDString = 98B66208185728A20045FDBD;
			remoteInfo = ClassBrowser;
		};
/* End PBXContainerItemProxy section */

/* Begin PBXCopyFilesBuildPhase section */
		9828F185187EBEA3003F1DC6 /* CopyFiles */ = {
			isa = PBXCopyFilesBuildPhase;
			buildActionMask = 2147483647;
			dstPath = "";
			dstSubfolderSpec = 10;
			files = (
				9828F186187EBEAF003F1DC6 /* OCMock.framework in CopyFiles */,
			);
			runOnlyForDeploymentPostprocessing = 0;
		};
/* End PBXCopyFilesBuildPhase section */

/* Begin PBXFileReference section */
		0770A465188C0C9900145954 /* IKBPreferencesWindowController_ClassExtension.h */ = {isa = PBXFileReference; fileEncoding = 4; lastKnownFileType = sourcecode.c.h; path = IKBPreferencesWindowController_ClassExtension.h; sourceTree = "<group>"; };
		0770A466188C0F5000145954 /* IKBCompilerPreferences.h */ = {isa = PBXFileReference; fileEncoding = 4; lastKnownFileType = sourcecode.c.h; path = IKBCompilerPreferences.h; sourceTree = "<group>"; };
		0770A467188C0F5000145954 /* IKBCompilerPreferences.m */ = {isa = PBXFileReference; fileEncoding = 4; lastKnownFileType = sourcecode.c.objc; path = IKBCompilerPreferences.m; sourceTree = "<group>"; };
		0770A469188C11C300145954 /* IKBCompilerPreferences_ClassExtension.h */ = {isa = PBXFileReference; fileEncoding = 4; lastKnownFileType = sourcecode.c.h; path = IKBCompilerPreferences_ClassExtension.h; sourceTree = "<group>"; };
		0770A46A188C689D00145954 /* CompilerPreferencesTests.m */ = {isa = PBXFileReference; fileEncoding = 4; lastKnownFileType = sourcecode.c.objc; path = CompilerPreferencesTests.m; sourceTree = "<group>"; };
		07C93DE6188A1C4000BFFD21 /* IKBCompilerPreferencesViewController.h */ = {isa = PBXFileReference; fileEncoding = 4; lastKnownFileType = sourcecode.c.h; path = IKBCompilerPreferencesViewController.h; sourceTree = "<group>"; };
		07C93DE7188A1C4000BFFD21 /* IKBCompilerPreferencesViewController.m */ = {isa = PBXFileReference; fileEncoding = 4; lastKnownFileType = sourcecode.c.objc; path = IKBCompilerPreferencesViewController.m; sourceTree = "<group>"; };
		07C93DE8188A1C4000BFFD21 /* IKBCompilerPreferencesViewController.xib */ = {isa = PBXFileReference; fileEncoding = 4; lastKnownFileType = file.xib; path = IKBCompilerPreferencesViewController.xib; sourceTree = "<group>"; };
		07C93DEB188A200E00BFFD21 /* IKBBaseSDK.h */ = {isa = PBXFileReference; fileEncoding = 4; lastKnownFileType = sourcecode.c.h; path = IKBBaseSDK.h; sourceTree = "<group>"; };
		07C93DEC188A200E00BFFD21 /* IKBBaseSDK.m */ = {isa = PBXFileReference; fileEncoding = 4; lastKnownFileType = sourcecode.c.objc; path = IKBBaseSDK.m; sourceTree = "<group>"; };
		07C93DEE188A25F500BFFD21 /* CompilerPreferencesViewControllerTests.m */ = {isa = PBXFileReference; fileEncoding = 4; lastKnownFileType = sourcecode.c.objc; path = CompilerPreferencesViewControllerTests.m; sourceTree = "<group>"; };
		07D10B001896A0BC0023A9D9 /* IKBXcodeSelectTaskRunner.h */ = {isa = PBXFileReference; fileEncoding = 4; lastKnownFileType = sourcecode.c.h; name = IKBXcodeSelectTaskRunner.h; path = "Code Execution/IKBXcodeSelectTaskRunner.h"; sourceTree = "<group>"; };
		07D10B011896A0BC0023A9D9 /* IKBXcodeSelectTaskRunner.m */ = {isa = PBXFileReference; fileEncoding = 4; lastKnownFileType = sourcecode.c.objc; name = IKBXcodeSelectTaskRunner.m; path = "Code Execution/IKBXcodeSelectTaskRunner.m"; sourceTree = "<group>"; };
		07D18047188B324E00C1426A /* IKBCompilerPreferencesViewController_ClassExtension.h */ = {isa = PBXFileReference; fileEncoding = 4; lastKnownFileType = sourcecode.c.h; path = IKBCompilerPreferencesViewController_ClassExtension.h; sourceTree = "<group>"; };
		07FBA02C1888AE9F00618658 /* IKBPreferencesWindowController.h */ = {isa = PBXFileReference; fileEncoding = 4; lastKnownFileType = sourcecode.c.h; path = IKBPreferencesWindowController.h; sourceTree = "<group>"; };
		07FBA02D1888AE9F00618658 /* IKBPreferencesWindowController.m */ = {isa = PBXFileReference; fileEncoding = 4; lastKnownFileType = sourcecode.c.objc; path = IKBPreferencesWindowController.m; sourceTree = "<group>"; };
		07FBA02F1888AEF500618658 /* IKBPreferencesWindowController.xib */ = {isa = PBXFileReference; fileEncoding = 4; lastKnownFileType = file.xib; path = IKBPreferencesWindowController.xib; sourceTree = "<group>"; };
		07FBA0311888B00800618658 /* PreferencesWindowControllerTests.m */ = {isa = PBXFileReference; fileEncoding = 4; lastKnownFileType = sourcecode.c.objc; path = PreferencesWindowControllerTests.m; sourceTree = "<group>"; };
		329FD1AB22D5CB2421BE5EB0 /* MethodSignatureSheetTests.m */ = {isa = PBXFileReference; fileEncoding = 4; lastKnownFileType = sourcecode.c.objc; path = MethodSignatureSheetTests.m; sourceTree = "<group>"; };
		329FD1E05E408248C3AF580B /* IKBMethodSignatureSheetController.xib */ = {isa = PBXFileReference; lastKnownFileType = file.xib; path = IKBMethodSignatureSheetController.xib; sourceTree = "<group>"; };
		329FD2DCC3208E7E8EF9483D /* IKBLLVMBitcodeRunner.h */ = {isa = PBXFileReference; fileEncoding = 4; lastKnownFileType = sourcecode.c.h; name = IKBLLVMBitcodeRunner.h; path = "Code Execution/IKBLLVMBitcodeRunner.h"; sourceTree = "<group>"; };
		329FD4CBA16A8846BEE6A1E3 /* IKBLLVMBitcodeModule.h */ = {isa = PBXFileReference; fileEncoding = 4; lastKnownFileType = sourcecode.c.h; name = IKBLLVMBitcodeModule.h; path = "Code Execution/IKBLLVMBitcodeModule.h"; sourceTree = "<group>"; };
		329FD4E25533580C13C29F04 /* IKBObjectiveCMethod.h */ = {isa = PBXFileReference; fileEncoding = 4; lastKnownFileType = sourcecode.c.h; path = IKBObjectiveCMethod.h; sourceTree = "<group>"; };
		329FD50931E98294CFA2D9A3 /* IKBLLVMBitcodeModule.m */ = {isa = PBXFileReference; fileEncoding = 4; lastKnownFileType = sourcecode.c.objc; name = IKBLLVMBitcodeModule.m; path = "Code Execution/IKBLLVMBitcodeModule.m"; sourceTree = "<group>"; };
		329FD5EFD62015D69340668C /* IKBClangCompiler.mm */ = {isa = PBXFileReference; fileEncoding = 4; lastKnownFileType = sourcecode.cpp.objcpp; name = IKBClangCompiler.mm; path = "Code Execution/IKBClangCompiler.mm"; sourceTree = "<group>"; };
		329FDA99098367C006316F55 /* IKBObjectiveCMethod.m */ = {isa = PBXFileReference; fileEncoding = 4; lastKnownFileType = sourcecode.c.objc; path = IKBObjectiveCMethod.m; sourceTree = "<group>"; };
		329FDB21AE0AAF93F9D48CE7 /* IKBLLVMBitcodeRunner.mm */ = {isa = PBXFileReference; fileEncoding = 4; lastKnownFileType = sourcecode.cpp.objcpp; name = IKBLLVMBitcodeRunner.mm; path = "Code Execution/IKBLLVMBitcodeRunner.mm"; sourceTree = "<group>"; };
		329FDE86F47AD95999EC8056 /* IKBMethodSignatureSheetController.h */ = {isa = PBXFileReference; fileEncoding = 4; lastKnownFileType = sourcecode.c.h; path = IKBMethodSignatureSheetController.h; sourceTree = "<group>"; };
		329FDEFFA8EDA742ACD2D0BE /* IKBMethodSignatureSheetController.m */ = {isa = PBXFileReference; fileEncoding = 4; lastKnownFileType = sourcecode.c.objc; path = IKBMethodSignatureSheetController.m; sourceTree = "<group>"; };
		329FDFEA9C118DB3ADC2A256 /* IKBClangCompiler.h */ = {isa = PBXFileReference; fileEncoding = 4; lastKnownFileType = sourcecode.c.h; name = IKBClangCompiler.h; path = "Code Execution/IKBClangCompiler.h"; sourceTree = "<group>"; };
		980AC69C185A48CD00611C26 /* ExecutionTests.m */ = {isa = PBXFileReference; fileEncoding = 4; lastKnownFileType = sourcecode.c.objc; path = ExecutionTests.m; sourceTree = "<group>"; };
		980AC69F185A510000611C26 /* IKBCodeRunner.h */ = {isa = PBXFileReference; fileEncoding = 4; lastKnownFileType = sourcecode.c.h; name = IKBCodeRunner.h; path = "Code Execution/IKBCodeRunner.h"; sourceTree = "<group>"; };
		980AC6A0185A510000611C26 /* IKBCodeRunner.mm */ = {isa = PBXFileReference; fileEncoding = 4; lastKnownFileType = sourcecode.cpp.objcpp; name = IKBCodeRunner.mm; path = "Code Execution/IKBCodeRunner.mm"; sourceTree = "<group>"; };
		980AC6A7185A596400611C26 /* libcurses.dylib */ = {isa = PBXFileReference; lastKnownFileType = "compiled.mach-o.dylib"; name = libcurses.dylib; path = usr/lib/libcurses.dylib; sourceTree = SDKROOT; };
		980AC6A9185A596C00611C26 /* libz.dylib */ = {isa = PBXFileReference; lastKnownFileType = "compiled.mach-o.dylib"; name = libz.dylib; path = usr/lib/libz.dylib; sourceTree = SDKROOT; };
		980AC6AB185A599D00611C26 /* libLLVMSupport.a */ = {isa = PBXFileReference; lastKnownFileType = archive.ar; name = libLLVMSupport.a; path = /usr/local/lib/libLLVMSupport.a; sourceTree = "<absolute>"; };
		980AC6AD185A5A4200611C26 /* libclangBasic.a */ = {isa = PBXFileReference; lastKnownFileType = archive.ar; name = libclangBasic.a; path = /usr/local/lib/libclangBasic.a; sourceTree = "<absolute>"; };
		980AC6AF185A5F2C00611C26 /* libclangDriver.a */ = {isa = PBXFileReference; lastKnownFileType = archive.ar; name = libclangDriver.a; path = /usr/local/lib/libclangDriver.a; sourceTree = "<absolute>"; };
		980AC6B0185A5F2C00611C26 /* libclangFrontend.a */ = {isa = PBXFileReference; lastKnownFileType = archive.ar; name = libclangFrontend.a; path = /usr/local/lib/libclangFrontend.a; sourceTree = "<absolute>"; };
		980AC6B3185A5F6200611C26 /* libclangEdit.a */ = {isa = PBXFileReference; lastKnownFileType = archive.ar; name = libclangEdit.a; path = /usr/local/lib/libclangEdit.a; sourceTree = "<absolute>"; };
		980AC6B4185A5F6200611C26 /* libclangLex.a */ = {isa = PBXFileReference; lastKnownFileType = archive.ar; name = libclangLex.a; path = /usr/local/lib/libclangLex.a; sourceTree = "<absolute>"; };
		980AC6B7185A624B00611C26 /* libLLVMTransformUtils.a */ = {isa = PBXFileReference; lastKnownFileType = archive.ar; name = libLLVMTransformUtils.a; path = /usr/local/lib/libLLVMTransformUtils.a; sourceTree = "<absolute>"; };
		980AC6B9185A626F00611C26 /* libLLVMOption.a */ = {isa = PBXFileReference; lastKnownFileType = archive.ar; name = libLLVMOption.a; path = /usr/local/lib/libLLVMOption.a; sourceTree = "<absolute>"; };
		980AC6BB185A633600611C26 /* libLLVMCore.a */ = {isa = PBXFileReference; lastKnownFileType = archive.ar; name = libLLVMCore.a; path = /usr/local/lib/libLLVMCore.a; sourceTree = "<absolute>"; };
		980EA49A185E790F0027A50E /* libclangCodeGen.a */ = {isa = PBXFileReference; lastKnownFileType = archive.ar; name = libclangCodeGen.a; path = /usr/local/lib/libclangCodeGen.a; sourceTree = "<absolute>"; };
		980EA49C185E79720027A50E /* libclangAST.a */ = {isa = PBXFileReference; lastKnownFileType = archive.ar; name = libclangAST.a; path = /usr/local/lib/libclangAST.a; sourceTree = "<absolute>"; };
		980EA49E185E79E70027A50E /* libclangRewriteCore.a */ = {isa = PBXFileReference; lastKnownFileType = archive.ar; name = libclangRewriteCore.a; path = /usr/local/lib/libclangRewriteCore.a; sourceTree = "<absolute>"; };
		980EA49F185E79E70027A50E /* libclangRewriteFrontend.a */ = {isa = PBXFileReference; lastKnownFileType = archive.ar; name = libclangRewriteFrontend.a; path = /usr/local/lib/libclangRewriteFrontend.a; sourceTree = "<absolute>"; };
		980EA4A0185E79E70027A50E /* libclangSema.a */ = {isa = PBXFileReference; lastKnownFileType = archive.ar; name = libclangSema.a; path = /usr/local/lib/libclangSema.a; sourceTree = "<absolute>"; };
		980EA4A1185E79E70027A50E /* libclangSerialization.a */ = {isa = PBXFileReference; lastKnownFileType = archive.ar; name = libclangSerialization.a; path = /usr/local/lib/libclangSerialization.a; sourceTree = "<absolute>"; };
		980EA4A6185E7A550027A50E /* libclangAnalysis.a */ = {isa = PBXFileReference; lastKnownFileType = archive.ar; name = libclangAnalysis.a; path = /usr/local/lib/libclangAnalysis.a; sourceTree = "<absolute>"; };
		980EA4A7185E7A550027A50E /* libclangParse.a */ = {isa = PBXFileReference; lastKnownFileType = archive.ar; name = libclangParse.a; path = /usr/local/lib/libclangParse.a; sourceTree = "<absolute>"; };
		980EA4A8185E7A550027A50E /* libclangStaticAnalyzerCheckers.a */ = {isa = PBXFileReference; lastKnownFileType = archive.ar; name = libclangStaticAnalyzerCheckers.a; path = /usr/local/lib/libclangStaticAnalyzerCheckers.a; sourceTree = "<absolute>"; };
		980EA4A9185E7A560027A50E /* libclangStaticAnalyzerCore.a */ = {isa = PBXFileReference; lastKnownFileType = archive.ar; name = libclangStaticAnalyzerCore.a; path = /usr/local/lib/libclangStaticAnalyzerCore.a; sourceTree = "<absolute>"; };
		980EA4AA185E7A560027A50E /* libclangStaticAnalyzerFrontend.a */ = {isa = PBXFileReference; lastKnownFileType = archive.ar; name = libclangStaticAnalyzerFrontend.a; path = /usr/local/lib/libclangStaticAnalyzerFrontend.a; sourceTree = "<absolute>"; };
		980EA4B0185E7AD50027A50E /* libLLVMAnalysis.a */ = {isa = PBXFileReference; lastKnownFileType = archive.ar; name = libLLVMAnalysis.a; path = /usr/local/lib/libLLVMAnalysis.a; sourceTree = "<absolute>"; };
		980EA4B1185E7AD50027A50E /* libLLVMCodeGen.a */ = {isa = PBXFileReference; lastKnownFileType = archive.ar; name = libLLVMCodeGen.a; path = /usr/local/lib/libLLVMCodeGen.a; sourceTree = "<absolute>"; };
		980EA4B2185E7AD50027A50E /* libLLVMExecutionEngine.a */ = {isa = PBXFileReference; lastKnownFileType = archive.ar; name = libLLVMExecutionEngine.a; path = /usr/local/lib/libLLVMExecutionEngine.a; sourceTree = "<absolute>"; };
		980EA4B3185E7AD50027A50E /* libLLVMInstCombine.a */ = {isa = PBXFileReference; lastKnownFileType = archive.ar; name = libLLVMInstCombine.a; path = /usr/local/lib/libLLVMInstCombine.a; sourceTree = "<absolute>"; };
		980EA4B4185E7AD50027A50E /* libLLVMInterpreter.a */ = {isa = PBXFileReference; lastKnownFileType = archive.ar; name = libLLVMInterpreter.a; path = /usr/local/lib/libLLVMInterpreter.a; sourceTree = "<absolute>"; };
		980EA4B5185E7AD50027A50E /* libLLVMipa.a */ = {isa = PBXFileReference; lastKnownFileType = archive.ar; name = libLLVMipa.a; path = /usr/local/lib/libLLVMipa.a; sourceTree = "<absolute>"; };
		980EA4B6185E7AD50027A50E /* libLLVMMC.a */ = {isa = PBXFileReference; lastKnownFileType = archive.ar; name = libLLVMMC.a; path = /usr/local/lib/libLLVMMC.a; sourceTree = "<absolute>"; };
		980EA4B7185E7AD50027A50E /* libLLVMObject.a */ = {isa = PBXFileReference; lastKnownFileType = archive.ar; name = libLLVMObject.a; path = /usr/local/lib/libLLVMObject.a; sourceTree = "<absolute>"; };
		980EA4B8185E7AD50027A50E /* libLLVMScalarOpts.a */ = {isa = PBXFileReference; lastKnownFileType = archive.ar; name = libLLVMScalarOpts.a; path = /usr/local/lib/libLLVMScalarOpts.a; sourceTree = "<absolute>"; };
		980EA4B9185E7AD50027A50E /* libLLVMTarget.a */ = {isa = PBXFileReference; lastKnownFileType = archive.ar; name = libLLVMTarget.a; path = /usr/local/lib/libLLVMTarget.a; sourceTree = "<absolute>"; };
		980EA4C4185E7B700027A50E /* libLLVMJIT.a */ = {isa = PBXFileReference; lastKnownFileType = archive.ar; name = libLLVMJIT.a; path = /usr/local/lib/libLLVMJIT.a; sourceTree = "<absolute>"; };
		980EA4C6185E7BD70027A50E /* libLLVMAsmPrinter.a */ = {isa = PBXFileReference; lastKnownFileType = archive.ar; name = libLLVMAsmPrinter.a; path = /usr/local/lib/libLLVMAsmPrinter.a; sourceTree = "<absolute>"; };
		980EA4C7185E7BD70027A50E /* libLLVMMCParser.a */ = {isa = PBXFileReference; lastKnownFileType = archive.ar; name = libLLVMMCParser.a; path = /usr/local/lib/libLLVMMCParser.a; sourceTree = "<absolute>"; };
		980EA4C8185E7BD70027A50E /* libLLVMSelectionDAG.a */ = {isa = PBXFileReference; lastKnownFileType = archive.ar; name = libLLVMSelectionDAG.a; path = /usr/local/lib/libLLVMSelectionDAG.a; sourceTree = "<absolute>"; };
		980EA4C9185E7BD70027A50E /* libLLVMX86AsmPrinter.a */ = {isa = PBXFileReference; lastKnownFileType = archive.ar; name = libLLVMX86AsmPrinter.a; path = /usr/local/lib/libLLVMX86AsmPrinter.a; sourceTree = "<absolute>"; };
		980EA4CA185E7BD70027A50E /* libLLVMX86CodeGen.a */ = {isa = PBXFileReference; lastKnownFileType = archive.ar; name = libLLVMX86CodeGen.a; path = /usr/local/lib/libLLVMX86CodeGen.a; sourceTree = "<absolute>"; };
		980EA4CB185E7BD70027A50E /* libLLVMX86Desc.a */ = {isa = PBXFileReference; lastKnownFileType = archive.ar; name = libLLVMX86Desc.a; path = /usr/local/lib/libLLVMX86Desc.a; sourceTree = "<absolute>"; };
		980EA4CC185E7BD70027A50E /* libLLVMX86Info.a */ = {isa = PBXFileReference; lastKnownFileType = archive.ar; name = libLLVMX86Info.a; path = /usr/local/lib/libLLVMX86Info.a; sourceTree = "<absolute>"; };
		980EA4CD185E7BD70027A50E /* libLLVMX86Utils.a */ = {isa = PBXFileReference; lastKnownFileType = archive.ar; name = libLLVMX86Utils.a; path = /usr/local/lib/libLLVMX86Utils.a; sourceTree = "<absolute>"; };
		980EA4D6185E7C280027A50E /* libLLVMBitReader.a */ = {isa = PBXFileReference; lastKnownFileType = archive.ar; name = libLLVMBitReader.a; path = /usr/local/lib/libLLVMBitReader.a; sourceTree = "<absolute>"; };
		980EA4D8185E7C450027A50E /* libLLVMBitWriter.a */ = {isa = PBXFileReference; lastKnownFileType = archive.ar; name = libLLVMBitWriter.a; path = /usr/local/lib/libLLVMBitWriter.a; sourceTree = "<absolute>"; };
		980EA4DA185E7C840027A50E /* libLLVMIRReader.a */ = {isa = PBXFileReference; lastKnownFileType = archive.ar; name = libLLVMIRReader.a; path = /usr/local/lib/libLLVMIRReader.a; sourceTree = "<absolute>"; };
		980EA4DC185E7CAE0027A50E /* libLLVMipo.a */ = {isa = PBXFileReference; lastKnownFileType = archive.ar; name = libLLVMipo.a; path = /usr/local/lib/libLLVMipo.a; sourceTree = "<absolute>"; };
		980EA4DD185E7CAE0027A50E /* libLLVMVectorize.a */ = {isa = PBXFileReference; lastKnownFileType = archive.ar; name = libLLVMVectorize.a; path = /usr/local/lib/libLLVMVectorize.a; sourceTree = "<absolute>"; };
		980EA4E0185E7CDF0027A50E /* libLLVMLinker.a */ = {isa = PBXFileReference; lastKnownFileType = archive.ar; name = libLLVMLinker.a; path = /usr/local/lib/libLLVMLinker.a; sourceTree = "<absolute>"; };
		980EA4E2185E7D150027A50E /* libLLVMAsmParser.a */ = {isa = PBXFileReference; lastKnownFileType = archive.ar; name = libLLVMAsmParser.a; path = /usr/local/lib/libLLVMAsmParser.a; sourceTree = "<absolute>"; };
		980EA4E4185E7D3A0027A50E /* libLLVMInstrumentation.a */ = {isa = PBXFileReference; lastKnownFileType = archive.ar; name = libLLVMInstrumentation.a; path = /usr/local/lib/libLLVMInstrumentation.a; sourceTree = "<absolute>"; };
		980EA4E6185E7D680027A50E /* libLLVMObjCARCOpts.a */ = {isa = PBXFileReference; lastKnownFileType = archive.ar; name = libLLVMObjCARCOpts.a; path = /usr/local/lib/libLLVMObjCARCOpts.a; sourceTree = "<absolute>"; };
		98147993187EBBF1009B8F04 /* OCMock.framework */ = {isa = PBXFileReference; lastKnownFileType = wrapper.framework; path = OCMock.framework; sourceTree = "<group>"; };
		981613F5187C1F1400A0BEDD /* IKBCompilerTranscriptWindowController.h */ = {isa = PBXFileReference; fileEncoding = 4; lastKnownFileType = sourcecode.c.h; path = IKBCompilerTranscriptWindowController.h; sourceTree = "<group>"; };
		981613F6187C1F1400A0BEDD /* IKBCompilerTranscriptWindowController.m */ = {isa = PBXFileReference; fileEncoding = 4; lastKnownFileType = sourcecode.c.objc; path = IKBCompilerTranscriptWindowController.m; sourceTree = "<group>"; };
		981613F7187C1F1400A0BEDD /* IKBCompilerTranscriptWindowController.xib */ = {isa = PBXFileReference; fileEncoding = 4; lastKnownFileType = file.xib; path = IKBCompilerTranscriptWindowController.xib; sourceTree = "<group>"; };
		981613FA187C22F200A0BEDD /* CompilerTranscriptTests.m */ = {isa = PBXFileReference; fileEncoding = 4; lastKnownFileType = sourcecode.c.objc; path = CompilerTranscriptTests.m; sourceTree = "<group>"; };
		9817231018E1BD7D004D2906 /* IKBMethodSignatureSheetController_ClassExtension.h */ = {isa = PBXFileReference; lastKnownFileType = sourcecode.c.h; path = IKBMethodSignatureSheetController_ClassExtension.h; sourceTree = "<group>"; };
		981771041B411EC0006A4C81 /* ClangUndefs.h */ = {isa = PBXFileReference; lastKnownFileType = sourcecode.c.h; name = ClangUndefs.h; path = "Code Execution/ClangUndefs.h"; sourceTree = "<group>"; };
		9819D721187D969600485A57 /* IKBCodeEditorViewController_ClassExtension.h */ = {isa = PBXFileReference; lastKnownFileType = sourcecode.c.h; path = IKBCodeEditorViewController_ClassExtension.h; sourceTree = "<group>"; };
		981DD5B318912A8A00EB971D /* emptysource */ = {isa = PBXFileReference; fileEncoding = 4; lastKnownFileType = text; path = emptysource; sourceTree = "<group>"; };
		9828F187187EC515003F1DC6 /* IKBCompileAndRunCodeCommand.h */ = {isa = PBXFileReference; fileEncoding = 4; lastKnownFileType = sourcecode.c.h; name = IKBCompileAndRunCodeCommand.h; path = "Code Execution/IKBCompileAndRunCodeCommand.h"; sourceTree = "<group>"; };
		9828F188187EC515003F1DC6 /* IKBCompileAndRunCodeCommand.m */ = {isa = PBXFileReference; fileEncoding = 4; lastKnownFileType = sourcecode.c.objc; name = IKBCompileAndRunCodeCommand.m; path = "Code Execution/IKBCompileAndRunCodeCommand.m"; sourceTree = "<group>"; };
		9828F18A187EC7A6003F1DC6 /* CompileAndRunCodeCommandHandlerTests.m */ = {isa = PBXFileReference; fileEncoding = 4; lastKnownFileType = sourcecode.c.objc; path = CompileAndRunCodeCommandHandlerTests.m; sourceTree = "<group>"; };
		9828F18C187EDE17003F1DC6 /* AppDelegateTests.m */ = {isa = PBXFileReference; fileEncoding = 4; lastKnownFileType = sourcecode.c.objc; path = AppDelegateTests.m; sourceTree = "<group>"; };
		9828F18E187EDFEF003F1DC6 /* IKBCompileAndRunCodeCommandHandler.h */ = {isa = PBXFileReference; fileEncoding = 4; lastKnownFileType = sourcecode.c.h; path = IKBCompileAndRunCodeCommandHandler.h; sourceTree = "<group>"; };
		9828F18F187EDFEF003F1DC6 /* IKBCompileAndRunCodeCommandHandler.m */ = {isa = PBXFileReference; fileEncoding = 4; lastKnownFileType = sourcecode.c.objc; path = IKBCompileAndRunCodeCommandHandler.m; sourceTree = "<group>"; };
		988088281B4A5AAB00D741B3 /* IKBInspectorDataSource.h */ = {isa = PBXFileReference; fileEncoding = 4; lastKnownFileType = sourcecode.c.h; name = IKBInspectorDataSource.h; path = "Object Inspecting/IKBInspectorDataSource.h"; sourceTree = "<group>"; };
		988088291B4A5AAB00D741B3 /* IKBInspectorDataSource.m */ = {isa = PBXFileReference; fileEncoding = 4; lastKnownFileType = sourcecode.c.objc; name = IKBInspectorDataSource.m; path = "Object Inspecting/IKBInspectorDataSource.m"; sourceTree = "<group>"; };
		98830689187AAEE400A4325C /* IKBCompilerArgumentBuilder.h */ = {isa = PBXFileReference; lastKnownFileType = sourcecode.c.h; name = IKBCompilerArgumentBuilder.h; path = "Code Execution/IKBCompilerArgumentBuilder.h"; sourceTree = "<group>"; };
		9883068A187AB05200A4325C /* XcodeClangArgumentBuilderTests.m */ = {isa = PBXFileReference; fileEncoding = 4; lastKnownFileType = sourcecode.c.objc; path = XcodeClangArgumentBuilderTests.m; sourceTree = "<group>"; };
		9883068C187AB99000A4325C /* XCTest+Async.h */ = {isa = PBXFileReference; lastKnownFileType = sourcecode.c.h; name = "XCTest+Async.h"; path = "Xcode-Async/XCTest+Async.h"; sourceTree = "<group>"; };
		9883068D187ABA1D00A4325C /* IKBXcodeClangArgumentBuilder.h */ = {isa = PBXFileReference; fileEncoding = 4; lastKnownFileType = sourcecode.c.h; name = IKBXcodeClangArgumentBuilder.h; path = "Code Execution/IKBXcodeClangArgumentBuilder.h"; sourceTree = "<group>"; };
		9883068E187ABA1D00A4325C /* IKBXcodeClangArgumentBuilder.m */ = {isa = PBXFileReference; fileEncoding = 4; lastKnownFileType = sourcecode.c.objc; name = IKBXcodeClangArgumentBuilder.m; path = "Code Execution/IKBXcodeClangArgumentBuilder.m"; sourceTree = "<group>"; };
		98830690187ABD5100A4325C /* HumbleCompilerArgumentBuilder.h */ = {isa = PBXFileReference; fileEncoding = 4; lastKnownFileType = sourcecode.c.h; path = HumbleCompilerArgumentBuilder.h; sourceTree = "<group>"; };
		98830691187ABD5100A4325C /* HumbleCompilerArgumentBuilder.m */ = {isa = PBXFileReference; fileEncoding = 4; lastKnownFileType = sourcecode.c.objc; path = HumbleCompilerArgumentBuilder.m; sourceTree = "<group>"; };
		98B66209185728A20045FDBD /* ClassBrowser.app */ = {isa = PBXFileReference; explicitFileType = wrapper.application; includeInIndex = 0; path = ClassBrowser.app; sourceTree = BUILT_PRODUCTS_DIR; };
		98B6620C185728A20045FDBD /* Cocoa.framework */ = {isa = PBXFileReference; lastKnownFileType = wrapper.framework; name = Cocoa.framework; path = System/Library/Frameworks/Cocoa.framework; sourceTree = SDKROOT; };
		98B6620F185728A20045FDBD /* AppKit.framework */ = {isa = PBXFileReference; lastKnownFileType = wrapper.framework; name = AppKit.framework; path = System/Library/Frameworks/AppKit.framework; sourceTree = SDKROOT; };
		98B66210185728A20045FDBD /* CoreData.framework */ = {isa = PBXFileReference; lastKnownFileType = wrapper.framework; name = CoreData.framework; path = System/Library/Frameworks/CoreData.framework; sourceTree = SDKROOT; };
		98B66211185728A20045FDBD /* Foundation.framework */ = {isa = PBXFileReference; lastKnownFileType = wrapper.framework; name = Foundation.framework; path = System/Library/Frameworks/Foundation.framework; sourceTree = SDKROOT; };
		98B66214185728A20045FDBD /* ClassBrowser-Info.plist */ = {isa = PBXFileReference; lastKnownFileType = text.plist.xml; path = "ClassBrowser-Info.plist"; sourceTree = "<group>"; };
		98B66216185728A20045FDBD /* en */ = {isa = PBXFileReference; lastKnownFileType = text.plist.strings; name = en; path = en.lproj/InfoPlist.strings; sourceTree = "<group>"; };
		98B66218185728A20045FDBD /* main.m */ = {isa = PBXFileReference; lastKnownFileType = sourcecode.c.objc; path = main.m; sourceTree = "<group>"; };
		98B6621A185728A20045FDBD /* ClassBrowser-Prefix.pch */ = {isa = PBXFileReference; lastKnownFileType = sourcecode.c.h; path = "ClassBrowser-Prefix.pch"; sourceTree = "<group>"; };
		98B6621C185728A20045FDBD /* en */ = {isa = PBXFileReference; lastKnownFileType = text.rtf; name = en; path = en.lproj/Credits.rtf; sourceTree = "<group>"; };
		98B6621E185728A20045FDBD /* IKBAppDelegate.h */ = {isa = PBXFileReference; lastKnownFileType = sourcecode.c.h; path = IKBAppDelegate.h; sourceTree = "<group>"; };
		98B6621F185728A20045FDBD /* IKBAppDelegate.m */ = {isa = PBXFileReference; lastKnownFileType = sourcecode.c.objc; path = IKBAppDelegate.m; sourceTree = "<group>"; };
		98B66222185728A20045FDBD /* Base */ = {isa = PBXFileReference; lastKnownFileType = file.xib; name = Base; path = Base.lproj/MainMenu.xib; sourceTree = "<group>"; };
		98B66224185728A20045FDBD /* Images.xcassets */ = {isa = PBXFileReference; lastKnownFileType = folder.assetcatalog; path = Images.xcassets; sourceTree = "<group>"; };
		98B6622A185728A20045FDBD /* ClassBrowserTests.xctest */ = {isa = PBXFileReference; explicitFileType = wrapper.cfbundle; includeInIndex = 0; path = ClassBrowserTests.xctest; sourceTree = BUILT_PRODUCTS_DIR; };
		98B6622B185728A20045FDBD /* XCTest.framework */ = {isa = PBXFileReference; lastKnownFileType = wrapper.framework; name = XCTest.framework; path = Library/Frameworks/XCTest.framework; sourceTree = DEVELOPER_DIR; };
		98B66232185728A20045FDBD /* ClassBrowserTests-Info.plist */ = {isa = PBXFileReference; lastKnownFileType = text.plist.xml; path = "ClassBrowserTests-Info.plist"; sourceTree = "<group>"; };
		98B66234185728A20045FDBD /* en */ = {isa = PBXFileReference; lastKnownFileType = text.plist.strings; name = en; path = en.lproj/InfoPlist.strings; sourceTree = "<group>"; };
		98B66236185728A20045FDBD /* ClassBrowserTests.m */ = {isa = PBXFileReference; lastKnownFileType = sourcecode.c.objc; path = ClassBrowserTests.m; sourceTree = "<group>"; };
		98B6624018574B570045FDBD /* IKBRuntimeClassList.h */ = {isa = PBXFileReference; lastKnownFileType = sourcecode.c.h; path = IKBRuntimeClassList.h; sourceTree = "<group>"; };
		98B6624118574B900045FDBD /* IKBClassBrowserSource.h */ = {isa = PBXFileReference; fileEncoding = 4; lastKnownFileType = sourcecode.c.h; path = IKBClassBrowserSource.h; sourceTree = "<group>"; };
		98B6624218574B900045FDBD /* IKBClassBrowserSource.m */ = {isa = PBXFileReference; fileEncoding = 4; lastKnownFileType = sourcecode.c.objc; path = IKBClassBrowserSource.m; sourceTree = "<group>"; };
		98B6624418574BE90045FDBD /* FakeClassList.h */ = {isa = PBXFileReference; fileEncoding = 4; lastKnownFileType = sourcecode.c.h; path = FakeClassList.h; sourceTree = "<group>"; };
		98B6624518574BE90045FDBD /* FakeClassList.m */ = {isa = PBXFileReference; fileEncoding = 4; lastKnownFileType = sourcecode.c.objc; path = FakeClassList.m; sourceTree = "<group>"; };
		98B66248185780320045FDBD /* ClassListTests.m */ = {isa = PBXFileReference; fileEncoding = 4; lastKnownFileType = sourcecode.c.objc; path = ClassListTests.m; sourceTree = "<group>"; };
		98B6624A185788410045FDBD /* IKBRuntimeClassList.m */ = {isa = PBXFileReference; fileEncoding = 4; lastKnownFileType = sourcecode.c.objc; path = IKBRuntimeClassList.m; sourceTree = "<group>"; };
		98B6624D1857D3A10045FDBD /* BrowserWindowControllerTests.m */ = {isa = PBXFileReference; fileEncoding = 4; lastKnownFileType = sourcecode.c.objc; path = BrowserWindowControllerTests.m; sourceTree = "<group>"; };
		98B6624F1857D7480045FDBD /* IKBClassBrowserWindowController.h */ = {isa = PBXFileReference; fileEncoding = 4; lastKnownFileType = sourcecode.c.h; path = IKBClassBrowserWindowController.h; sourceTree = "<group>"; };
		98B662501857D7480045FDBD /* IKBClassBrowserWindowController.m */ = {isa = PBXFileReference; fileEncoding = 4; lastKnownFileType = sourcecode.c.objc; path = IKBClassBrowserWindowController.m; sourceTree = "<group>"; };
		98B662511857D7480045FDBD /* IKBClassBrowserWindowController.xib */ = {isa = PBXFileReference; fileEncoding = 4; lastKnownFileType = file.xib; path = IKBClassBrowserWindowController.xib; sourceTree = "<group>"; };
		98B662541857D9EB0045FDBD /* IKBClassBrowserWindowController_ClassExtension.h */ = {isa = PBXFileReference; lastKnownFileType = sourcecode.c.h; path = IKBClassBrowserWindowController_ClassExtension.h; sourceTree = "<group>"; };
		98B811D618621EF5004FF75F /* CodeTextViewControllerTests.m */ = {isa = PBXFileReference; fileEncoding = 4; lastKnownFileType = sourcecode.c.objc; path = CodeTextViewControllerTests.m; sourceTree = "<group>"; };
		98B811DB186232C6004FF75F /* IKBCodeEditorViewController.h */ = {isa = PBXFileReference; fileEncoding = 4; lastKnownFileType = sourcecode.c.h; path = IKBCodeEditorViewController.h; sourceTree = "<group>"; };
		98B811DC186232C6004FF75F /* IKBCodeEditorViewController.m */ = {isa = PBXFileReference; fileEncoding = 4; lastKnownFileType = sourcecode.c.objc; path = IKBCodeEditorViewController.m; sourceTree = "<group>"; };
		98C396FB1B417F640066ADFD /* libLLVMMCJIT.a */ = {isa = PBXFileReference; lastKnownFileType = archive.ar; name = libLLVMMCJIT.a; path = ../../../../usr/local/lib/libLLVMMCJIT.a; sourceTree = "<group>"; };
		98C396FD1B4182440066ADFD /* libLLVMRuntimeDyld.a */ = {isa = PBXFileReference; lastKnownFileType = archive.ar; name = libLLVMRuntimeDyld.a; path = ../../../../usr/local/lib/libLLVMRuntimeDyld.a; sourceTree = "<group>"; };
		98C396FF1B4184720066ADFD /* libLLVMProfileData.a */ = {isa = PBXFileReference; lastKnownFileType = archive.ar; name = libLLVMProfileData.a; path = ../../../../usr/local/lib/libLLVMProfileData.a; sourceTree = "<group>"; };
		98C397011B4186940066ADFD /* libLLVMMCDisassembler.a */ = {isa = PBXFileReference; lastKnownFileType = archive.ar; name = libLLVMMCDisassembler.a; path = ../../../../usr/local/lib/libLLVMMCDisassembler.a; sourceTree = "<group>"; };
		98C397031B4196F90066ADFD /* libLLVMCppBackendCodeGen.a */ = {isa = PBXFileReference; lastKnownFileType = archive.ar; name = libLLVMCppBackendCodeGen.a; path = ../../../../usr/local/lib/libLLVMCppBackendCodeGen.a; sourceTree = "<group>"; };
		98C397041B4196F90066ADFD /* libLLVMCppBackendInfo.a */ = {isa = PBXFileReference; lastKnownFileType = archive.ar; name = libLLVMCppBackendInfo.a; path = ../../../../usr/local/lib/libLLVMCppBackendInfo.a; sourceTree = "<group>"; };
		98C397051B4196F90066ADFD /* libLLVMLibDriver.a */ = {isa = PBXFileReference; lastKnownFileType = archive.ar; name = libLLVMLibDriver.a; path = ../../../../usr/local/lib/libLLVMLibDriver.a; sourceTree = "<group>"; };
		98C397061B4196F90066ADFD /* libLLVMLineEditor.a */ = {isa = PBXFileReference; lastKnownFileType = archive.ar; name = libLLVMLineEditor.a; path = ../../../../usr/local/lib/libLLVMLineEditor.a; sourceTree = "<group>"; };
		98C397071B4196F90066ADFD /* libLLVMLTO.a */ = {isa = PBXFileReference; lastKnownFileType = archive.ar; name = libLLVMLTO.a; path = ../../../../usr/local/lib/libLLVMLTO.a; sourceTree = "<group>"; };
		98C397081B4196F90066ADFD /* libLLVMMCAnalysis.a */ = {isa = PBXFileReference; lastKnownFileType = archive.ar; name = libLLVMMCAnalysis.a; path = ../../../../usr/local/lib/libLLVMMCAnalysis.a; sourceTree = "<group>"; };
		98C397091B4196F90066ADFD /* libLLVMMIRParser.a */ = {isa = PBXFileReference; lastKnownFileType = archive.ar; name = libLLVMMIRParser.a; path = ../../../../usr/local/lib/libLLVMMIRParser.a; sourceTree = "<group>"; };
		98C3970A1B4196F90066ADFD /* libLLVMOrcJIT.a */ = {isa = PBXFileReference; lastKnownFileType = archive.ar; name = libLLVMOrcJIT.a; path = ../../../../usr/local/lib/libLLVMOrcJIT.a; sourceTree = "<group>"; };
		98C3970B1B4196F90066ADFD /* libLLVMPasses.a */ = {isa = PBXFileReference; lastKnownFileType = archive.ar; name = libLLVMPasses.a; path = ../../../../usr/local/lib/libLLVMPasses.a; sourceTree = "<group>"; };
		98C3970C1B4196F90066ADFD /* libLLVMTableGen.a */ = {isa = PBXFileReference; lastKnownFileType = archive.ar; name = libLLVMTableGen.a; path = ../../../../usr/local/lib/libLLVMTableGen.a; sourceTree = "<group>"; };
		98C3970D1B4196F90066ADFD /* libLLVMX86AsmParser.a */ = {isa = PBXFileReference; lastKnownFileType = archive.ar; name = libLLVMX86AsmParser.a; path = ../../../../usr/local/lib/libLLVMX86AsmParser.a; sourceTree = "<group>"; };
		98C3970E1B4196F90066ADFD /* libLLVMX86Disassembler.a */ = {isa = PBXFileReference; lastKnownFileType = archive.ar; name = libLLVMX86Disassembler.a; path = ../../../../usr/local/lib/libLLVMX86Disassembler.a; sourceTree = "<group>"; };
		98C653371B4A4E7A002987DE /* ObjectInspectorTests.m */ = {isa = PBXFileReference; fileEncoding = 4; lastKnownFileType = sourcecode.c.objc; path = ObjectInspectorTests.m; sourceTree = "<group>"; };
		98CD1F151B56325600733BAA /* IKBClassList_Protocol.h */ = {isa = PBXFileReference; lastKnownFileType = sourcecode.c.h; path = IKBClassList_Protocol.h; sourceTree = "<group>"; };
		98CD1F161B5633F200733BAA /* IKBSourceRepositoryClassList.h */ = {isa = PBXFileReference; fileEncoding = 4; lastKnownFileType = sourcecode.c.h; path = IKBSourceRepositoryClassList.h; sourceTree = "<group>"; };
		98CD1F171B5633F200733BAA /* IKBSourceRepositoryClassList.m */ = {isa = PBXFileReference; fileEncoding = 4; lastKnownFileType = sourcecode.c.objc; path = IKBSourceRepositoryClassList.m; sourceTree = "<group>"; };
		98CD1F191B5634E100733BAA /* SourceRepositoryClassListAdapterTests.m */ = {isa = PBXFileReference; fileEncoding = 4; lastKnownFileType = sourcecode.c.objc; path = SourceRepositoryClassListAdapterTests.m; sourceTree = "<group>"; };
		98CD1F1B1B56368900733BAA /* IKBObjectiveCClass.h */ = {isa = PBXFileReference; fileEncoding = 4; lastKnownFileType = sourcecode.c.h; path = IKBObjectiveCClass.h; sourceTree = "<group>"; };
		98CD1F1C1B56368900733BAA /* IKBObjectiveCClass.m */ = {isa = PBXFileReference; fileEncoding = 4; lastKnownFileType = sourcecode.c.objc; path = IKBObjectiveCClass.m; sourceTree = "<group>"; };
		98D7836218760BBD00C9137E /* IKBViewControllerOwnedView.h */ = {isa = PBXFileReference; fileEncoding = 4; lastKnownFileType = sourcecode.c.h; path = IKBViewControllerOwnedView.h; sourceTree = "<group>"; };
		98D7836318760BBD00C9137E /* IKBViewControllerOwnedView.m */ = {isa = PBXFileReference; fileEncoding = 4; lastKnownFileType = sourcecode.c.objc; path = IKBViewControllerOwnedView.m; sourceTree = "<group>"; };
		98ECDA4B1B542E3E003E951F /* MethodTests.m */ = {isa = PBXFileReference; fileEncoding = 4; lastKnownFileType = sourcecode.c.objc; path = MethodTests.m; sourceTree = "<group>"; };
		98ECDA4D1B54DC19003E951F /* IKBSourceRepository.h */ = {isa = PBXFileReference; fileEncoding = 4; lastKnownFileType = sourcecode.c.h; path = IKBSourceRepository.h; sourceTree = "<group>"; };
		98ECDA4E1B54DC19003E951F /* IKBSourceRepository.m */ = {isa = PBXFileReference; fileEncoding = 4; lastKnownFileType = sourcecode.c.objc; path = IKBSourceRepository.m; sourceTree = "<group>"; };
		98ECDA501B54DCBD003E951F /* SourceRepositoryTests.m */ = {isa = PBXFileReference; fileEncoding = 4; lastKnownFileType = sourcecode.c.objc; path = SourceRepositoryTests.m; sourceTree = "<group>"; };
		98F370ED1B4BA1A900802347 /* IKBInspectorWindowController.h */ = {isa = PBXFileReference; fileEncoding = 4; lastKnownFileType = sourcecode.c.h; name = IKBInspectorWindowController.h; path = "Object Inspecting/IKBInspectorWindowController.h"; sourceTree = "<group>"; };
		98F370EE1B4BA1A900802347 /* IKBInspectorWindowController.m */ = {isa = PBXFileReference; fileEncoding = 4; lastKnownFileType = sourcecode.c.objc; name = IKBInspectorWindowController.m; path = "Object Inspecting/IKBInspectorWindowController.m"; sourceTree = "<group>"; };
		98F370EF1B4BA1A900802347 /* IKBInspectorWindowController.xib */ = {isa = PBXFileReference; fileEncoding = 4; lastKnownFileType = file.xib; name = IKBInspectorWindowController.xib; path = "Object Inspecting/IKBInspectorWindowController.xib"; sourceTree = "<group>"; };
		98F370F21B4C3CA400802347 /* InspectorControllerTests.m */ = {isa = PBXFileReference; fileEncoding = 4; lastKnownFileType = sourcecode.c.objc; path = InspectorControllerTests.m; sourceTree = "<group>"; };
		98F370F41B4C3F0A00802347 /* IKBInspectorWindowController_ClassExtension.h */ = {isa = PBXFileReference; lastKnownFileType = sourcecode.c.h; name = IKBInspectorWindowController_ClassExtension.h; path = "Object Inspecting/IKBInspectorWindowController_ClassExtension.h"; sourceTree = "<group>"; };
		98F370F51B4D67E800802347 /* IKBInspectorProvider.h */ = {isa = PBXFileReference; fileEncoding = 4; lastKnownFileType = sourcecode.c.h; name = IKBInspectorProvider.h; path = "Object Inspecting/IKBInspectorProvider.h"; sourceTree = "<group>"; };
		98F370F61B4D67E800802347 /* IKBInspectorProvider.m */ = {isa = PBXFileReference; fileEncoding = 4; lastKnownFileType = sourcecode.c.objc; name = IKBInspectorProvider.m; path = "Object Inspecting/IKBInspectorProvider.m"; sourceTree = "<group>"; };
		98FFC985187DA4FD00FE1659 /* IKBCommand.h */ = {isa = PBXFileReference; fileEncoding = 4; lastKnownFileType = sourcecode.c.h; name = IKBCommand.h; path = ikbcommandbus/IKBCommand.h; sourceTree = "<group>"; };
		98FFC986187DA4FD00FE1659 /* IKBCommandBus.h */ = {isa = PBXFileReference; fileEncoding = 4; lastKnownFileType = sourcecode.c.h; name = IKBCommandBus.h; path = ikbcommandbus/IKBCommandBus.h; sourceTree = "<group>"; };
		98FFC987187DA4FD00FE1659 /* IKBCommandBus.m */ = {isa = PBXFileReference; fileEncoding = 4; lastKnownFileType = sourcecode.c.objc; name = IKBCommandBus.m; path = ikbcommandbus/IKBCommandBus.m; sourceTree = "<group>"; };
		98FFC988187DA4FD00FE1659 /* IKBCommandBus+Extension.h */ = {isa = PBXFileReference; fileEncoding = 4; lastKnownFileType = sourcecode.c.h; name = "IKBCommandBus+Extension.h"; path = "ikbcommandbus/IKBCommandBus+Extension.h"; sourceTree = "<group>"; };
		98FFC989187DA4FD00FE1659 /* IKBCommandHandler.h */ = {isa = PBXFileReference; fileEncoding = 4; lastKnownFileType = sourcecode.c.h; name = IKBCommandHandler.h; path = ikbcommandbus/IKBCommandHandler.h; sourceTree = "<group>"; };
/* End PBXFileReference section */

/* Begin PBXFrameworksBuildPhase section */
		98B66206185728A20045FDBD /* Frameworks */ = {
			isa = PBXFrameworksBuildPhase;
			buildActionMask = 2147483647;
			files = (
				980EA4AB185E7A560027A50E /* libclangAnalysis.a in Frameworks */,
				980EA49D185E79720027A50E /* libclangAST.a in Frameworks */,
				980AC6AE185A5A4200611C26 /* libclangBasic.a in Frameworks */,
				980EA49B185E790F0027A50E /* libclangCodeGen.a in Frameworks */,
				980AC6B1185A5F2C00611C26 /* libclangDriver.a in Frameworks */,
				980AC6B5185A5F6200611C26 /* libclangEdit.a in Frameworks */,
				980AC6B2185A5F2C00611C26 /* libclangFrontend.a in Frameworks */,
				980AC6B6185A5F6200611C26 /* libclangLex.a in Frameworks */,
				980EA4AC185E7A560027A50E /* libclangParse.a in Frameworks */,
				980EA4A2185E79E70027A50E /* libclangRewriteCore.a in Frameworks */,
				980EA4A3185E79E70027A50E /* libclangRewriteFrontend.a in Frameworks */,
				980EA4A4185E79E70027A50E /* libclangSema.a in Frameworks */,
				980EA4A5185E79E70027A50E /* libclangSerialization.a in Frameworks */,
				980EA4AD185E7A560027A50E /* libclangStaticAnalyzerCheckers.a in Frameworks */,
				980EA4AE185E7A560027A50E /* libclangStaticAnalyzerCore.a in Frameworks */,
				980EA4AF185E7A560027A50E /* libclangStaticAnalyzerFrontend.a in Frameworks */,
				980AC6AA185A596C00611C26 /* libz.dylib in Frameworks */,
				980AC6A8185A596400611C26 /* libcurses.dylib in Frameworks */,
				98B6620D185728A20045FDBD /* Cocoa.framework in Frameworks */,
			);
			runOnlyForDeploymentPostprocessing = 0;
		};
		98B66227185728A20045FDBD /* Frameworks */ = {
			isa = PBXFrameworksBuildPhase;
			buildActionMask = 2147483647;
			files = (
				98B6622D185728A20045FDBD /* Cocoa.framework in Frameworks */,
				98147994187EBBF1009B8F04 /* OCMock.framework in Frameworks */,
				98B6622C185728A20045FDBD /* XCTest.framework in Frameworks */,
			);
			runOnlyForDeploymentPostprocessing = 0;
		};
/* End PBXFrameworksBuildPhase section */

/* Begin PBXGroup section */
		07C93DE5188A1BA200BFFD21 /* Preferences */ = {
			isa = PBXGroup;
			children = (
				07C93DEB188A200E00BFFD21 /* IKBBaseSDK.h */,
				07C93DEC188A200E00BFFD21 /* IKBBaseSDK.m */,
				07FBA02C1888AE9F00618658 /* IKBPreferencesWindowController.h */,
				0770A465188C0C9900145954 /* IKBPreferencesWindowController_ClassExtension.h */,
				07FBA02D1888AE9F00618658 /* IKBPreferencesWindowController.m */,
				07FBA02F1888AEF500618658 /* IKBPreferencesWindowController.xib */,
				0770A466188C0F5000145954 /* IKBCompilerPreferences.h */,
				0770A469188C11C300145954 /* IKBCompilerPreferences_ClassExtension.h */,
				0770A467188C0F5000145954 /* IKBCompilerPreferences.m */,
				07C93DE6188A1C4000BFFD21 /* IKBCompilerPreferencesViewController.h */,
				07D18047188B324E00C1426A /* IKBCompilerPreferencesViewController_ClassExtension.h */,
				07C93DE7188A1C4000BFFD21 /* IKBCompilerPreferencesViewController.m */,
				07C93DE8188A1C4000BFFD21 /* IKBCompilerPreferencesViewController.xib */,
			);
			name = Preferences;
			sourceTree = "<group>";
		};
		329FDDF4C16B4DB552869F43 /* Adding Methods */ = {
			isa = PBXGroup;
			children = (
				329FDEFFA8EDA742ACD2D0BE /* IKBMethodSignatureSheetController.m */,
				329FDE86F47AD95999EC8056 /* IKBMethodSignatureSheetController.h */,
				329FD1E05E408248C3AF580B /* IKBMethodSignatureSheetController.xib */,
				9817231018E1BD7D004D2906 /* IKBMethodSignatureSheetController_ClassExtension.h */,
			);
			path = "Adding Methods";
			sourceTree = "<group>";
		};
		329FDE0C248372050D6388AC /* Modeling Objective-C Concepts */ = {
			isa = PBXGroup;
			children = (
				329FD4E25533580C13C29F04 /* IKBObjectiveCMethod.h */,
				329FDA99098367C006316F55 /* IKBObjectiveCMethod.m */,
				98ECDA4D1B54DC19003E951F /* IKBSourceRepository.h */,
				98ECDA4E1B54DC19003E951F /* IKBSourceRepository.m */,
				98CD1F161B5633F200733BAA /* IKBSourceRepositoryClassList.h */,
				98CD1F171B5633F200733BAA /* IKBSourceRepositoryClassList.m */,
				98CD1F1B1B56368900733BAA /* IKBObjectiveCClass.h */,
				98CD1F1C1B56368900733BAA /* IKBObjectiveCClass.m */,
			);
			path = "Modeling Objective-C Concepts";
			sourceTree = "<group>";
		};
		980AC69E185A50DF00611C26 /* Code Execution */ = {
			isa = PBXGroup;
			children = (
				980AC69F185A510000611C26 /* IKBCodeRunner.h */,
				980AC6A0185A510000611C26 /* IKBCodeRunner.mm */,
				9828F187187EC515003F1DC6 /* IKBCompileAndRunCodeCommand.h */,
				9828F188187EC515003F1DC6 /* IKBCompileAndRunCodeCommand.m */,
				9828F18E187EDFEF003F1DC6 /* IKBCompileAndRunCodeCommandHandler.h */,
				9828F18F187EDFEF003F1DC6 /* IKBCompileAndRunCodeCommandHandler.m */,
				98830689187AAEE400A4325C /* IKBCompilerArgumentBuilder.h */,
				9883068D187ABA1D00A4325C /* IKBXcodeClangArgumentBuilder.h */,
				9883068E187ABA1D00A4325C /* IKBXcodeClangArgumentBuilder.m */,
				07D10B001896A0BC0023A9D9 /* IKBXcodeSelectTaskRunner.h */,
				07D10B011896A0BC0023A9D9 /* IKBXcodeSelectTaskRunner.m */,
				329FD50931E98294CFA2D9A3 /* IKBLLVMBitcodeModule.m */,
				329FD4CBA16A8846BEE6A1E3 /* IKBLLVMBitcodeModule.h */,
				329FD5EFD62015D69340668C /* IKBClangCompiler.mm */,
				329FDFEA9C118DB3ADC2A256 /* IKBClangCompiler.h */,
				329FDB21AE0AAF93F9D48CE7 /* IKBLLVMBitcodeRunner.mm */,
				329FD2DCC3208E7E8EF9483D /* IKBLLVMBitcodeRunner.h */,
				981771041B411EC0006A4C81 /* ClangUndefs.h */,
			);
			name = "Code Execution";
			sourceTree = "<group>";
		};
		988088271B4A5A8500D741B3 /* Object Inspecting */ = {
			isa = PBXGroup;
			children = (
				988088281B4A5AAB00D741B3 /* IKBInspectorDataSource.h */,
				988088291B4A5AAB00D741B3 /* IKBInspectorDataSource.m */,
				98F370ED1B4BA1A900802347 /* IKBInspectorWindowController.h */,
				98F370F41B4C3F0A00802347 /* IKBInspectorWindowController_ClassExtension.h */,
				98F370EE1B4BA1A900802347 /* IKBInspectorWindowController.m */,
				98F370EF1B4BA1A900802347 /* IKBInspectorWindowController.xib */,
				98F370F51B4D67E800802347 /* IKBInspectorProvider.h */,
				98F370F61B4D67E800802347 /* IKBInspectorProvider.m */,
			);
			name = "Object Inspecting";
			sourceTree = "<group>";
		};
		98B66200185728A10045FDBD = {
			isa = PBXGroup;
			children = (
				98B66212185728A20045FDBD /* ClassBrowser */,
				98B66230185728A20045FDBD /* ClassBrowserTests */,
				98B6620B185728A20045FDBD /* Frameworks */,
				98B6620A185728A20045FDBD /* Products */,
			);
			indentWidth = 4;
			sourceTree = "<group>";
			tabWidth = 4;
			usesTabs = 0;
		};
		98B6620A185728A20045FDBD /* Products */ = {
			isa = PBXGroup;
			children = (
				98B66209185728A20045FDBD /* ClassBrowser.app */,
				98B6622A185728A20045FDBD /* ClassBrowserTests.xctest */,
			);
			name = Products;
			sourceTree = "<group>";
		};
		98B6620B185728A20045FDBD /* Frameworks */ = {
			isa = PBXGroup;
			children = (
				98C397031B4196F90066ADFD /* libLLVMCppBackendCodeGen.a */,
				98C397041B4196F90066ADFD /* libLLVMCppBackendInfo.a */,
				98C397051B4196F90066ADFD /* libLLVMLibDriver.a */,
				98C397061B4196F90066ADFD /* libLLVMLineEditor.a */,
				98C397071B4196F90066ADFD /* libLLVMLTO.a */,
				98C397081B4196F90066ADFD /* libLLVMMCAnalysis.a */,
				98C397091B4196F90066ADFD /* libLLVMMIRParser.a */,
				98C3970A1B4196F90066ADFD /* libLLVMOrcJIT.a */,
				98C3970B1B4196F90066ADFD /* libLLVMPasses.a */,
				98C3970C1B4196F90066ADFD /* libLLVMTableGen.a */,
				98C3970D1B4196F90066ADFD /* libLLVMX86AsmParser.a */,
				98C3970E1B4196F90066ADFD /* libLLVMX86Disassembler.a */,
				98C397011B4186940066ADFD /* libLLVMMCDisassembler.a */,
				98C396FF1B4184720066ADFD /* libLLVMProfileData.a */,
				98C396FD1B4182440066ADFD /* libLLVMRuntimeDyld.a */,
				98C396FB1B417F640066ADFD /* libLLVMMCJIT.a */,
				980EA4E6185E7D680027A50E /* libLLVMObjCARCOpts.a */,
				980EA4E4185E7D3A0027A50E /* libLLVMInstrumentation.a */,
				980EA4E2185E7D150027A50E /* libLLVMAsmParser.a */,
				980EA4E0185E7CDF0027A50E /* libLLVMLinker.a */,
				980EA4DC185E7CAE0027A50E /* libLLVMipo.a */,
				980EA4DD185E7CAE0027A50E /* libLLVMVectorize.a */,
				980EA4DA185E7C840027A50E /* libLLVMIRReader.a */,
				980EA4D8185E7C450027A50E /* libLLVMBitWriter.a */,
				980EA4D6185E7C280027A50E /* libLLVMBitReader.a */,
				980EA4C6185E7BD70027A50E /* libLLVMAsmPrinter.a */,
				980EA4C7185E7BD70027A50E /* libLLVMMCParser.a */,
				980EA4C8185E7BD70027A50E /* libLLVMSelectionDAG.a */,
				980EA4C9185E7BD70027A50E /* libLLVMX86AsmPrinter.a */,
				980EA4CA185E7BD70027A50E /* libLLVMX86CodeGen.a */,
				980EA4CB185E7BD70027A50E /* libLLVMX86Desc.a */,
				980EA4CC185E7BD70027A50E /* libLLVMX86Info.a */,
				980EA4CD185E7BD70027A50E /* libLLVMX86Utils.a */,
				980EA4C4185E7B700027A50E /* libLLVMJIT.a */,
				980EA4B0185E7AD50027A50E /* libLLVMAnalysis.a */,
				980EA4B1185E7AD50027A50E /* libLLVMCodeGen.a */,
				980EA4B2185E7AD50027A50E /* libLLVMExecutionEngine.a */,
				980EA4B3185E7AD50027A50E /* libLLVMInstCombine.a */,
				980EA4B4185E7AD50027A50E /* libLLVMInterpreter.a */,
				980EA4B5185E7AD50027A50E /* libLLVMipa.a */,
				980EA4B6185E7AD50027A50E /* libLLVMMC.a */,
				980EA4B7185E7AD50027A50E /* libLLVMObject.a */,
				980EA4B8185E7AD50027A50E /* libLLVMScalarOpts.a */,
				980EA4B9185E7AD50027A50E /* libLLVMTarget.a */,
				980EA4A6185E7A550027A50E /* libclangAnalysis.a */,
				980EA4A7185E7A550027A50E /* libclangParse.a */,
				980EA4A8185E7A550027A50E /* libclangStaticAnalyzerCheckers.a */,
				980EA4A9185E7A560027A50E /* libclangStaticAnalyzerCore.a */,
				980EA4AA185E7A560027A50E /* libclangStaticAnalyzerFrontend.a */,
				980EA49E185E79E70027A50E /* libclangRewriteCore.a */,
				980EA49F185E79E70027A50E /* libclangRewriteFrontend.a */,
				980EA4A0185E79E70027A50E /* libclangSema.a */,
				980EA4A1185E79E70027A50E /* libclangSerialization.a */,
				980EA49C185E79720027A50E /* libclangAST.a */,
				980EA49A185E790F0027A50E /* libclangCodeGen.a */,
				980AC6BB185A633600611C26 /* libLLVMCore.a */,
				980AC6B9185A626F00611C26 /* libLLVMOption.a */,
				980AC6B7185A624B00611C26 /* libLLVMTransformUtils.a */,
				980AC6B3185A5F6200611C26 /* libclangEdit.a */,
				980AC6B4185A5F6200611C26 /* libclangLex.a */,
				980AC6AF185A5F2C00611C26 /* libclangDriver.a */,
				980AC6B0185A5F2C00611C26 /* libclangFrontend.a */,
				980AC6AD185A5A4200611C26 /* libclangBasic.a */,
				980AC6AB185A599D00611C26 /* libLLVMSupport.a */,
				980AC6A9185A596C00611C26 /* libz.dylib */,
				980AC6A7185A596400611C26 /* libcurses.dylib */,
				98B6620C185728A20045FDBD /* Cocoa.framework */,
				98B6622B185728A20045FDBD /* XCTest.framework */,
				98B6620E185728A20045FDBD /* Other Frameworks */,
			);
			name = Frameworks;
			sourceTree = "<group>";
		};
		98B6620E185728A20045FDBD /* Other Frameworks */ = {
			isa = PBXGroup;
			children = (
				98B6620F185728A20045FDBD /* AppKit.framework */,
				98B66210185728A20045FDBD /* CoreData.framework */,
				98B66211185728A20045FDBD /* Foundation.framework */,
			);
			name = "Other Frameworks";
			sourceTree = "<group>";
		};
		98B66212185728A20045FDBD /* ClassBrowser */ = {
			isa = PBXGroup;
			children = (
				988088271B4A5A8500D741B3 /* Object Inspecting */,
				98FFC984187DA4DD00FE1659 /* IKBCommandBus */,
				980AC69E185A50DF00611C26 /* Code Execution */,
				07C93DE5188A1BA200BFFD21 /* Preferences */,
				98B6621E185728A20045FDBD /* IKBAppDelegate.h */,
				98B6621F185728A20045FDBD /* IKBAppDelegate.m */,
				98B66221185728A20045FDBD /* MainMenu.xib */,
				98B66224185728A20045FDBD /* Images.xcassets */,
				98B66213185728A20045FDBD /* Supporting Files */,
				98C8949B1B57864F009796BF /* Browsing Classes */,
				98B811DB186232C6004FF75F /* IKBCodeEditorViewController.h */,
				9819D721187D969600485A57 /* IKBCodeEditorViewController_ClassExtension.h */,
				98B811DC186232C6004FF75F /* IKBCodeEditorViewController.m */,
				98D7836218760BBD00C9137E /* IKBViewControllerOwnedView.h */,
				98D7836318760BBD00C9137E /* IKBViewControllerOwnedView.m */,
				981613F5187C1F1400A0BEDD /* IKBCompilerTranscriptWindowController.h */,
				981613F6187C1F1400A0BEDD /* IKBCompilerTranscriptWindowController.m */,
				981613F7187C1F1400A0BEDD /* IKBCompilerTranscriptWindowController.xib */,
				329FDDF4C16B4DB552869F43 /* Adding Methods */,
				329FDE0C248372050D6388AC /* Modeling Objective-C Concepts */,
			);
			path = ClassBrowser;
			sourceTree = "<group>";
		};
		98B66213185728A20045FDBD /* Supporting Files */ = {
			isa = PBXGroup;
			children = (
				98B66214185728A20045FDBD /* ClassBrowser-Info.plist */,
				98B66215185728A20045FDBD /* InfoPlist.strings */,
				98B66218185728A20045FDBD /* main.m */,
				98B6621A185728A20045FDBD /* ClassBrowser-Prefix.pch */,
				98B6621B185728A20045FDBD /* Credits.rtf */,
				981DD5B318912A8A00EB971D /* emptysource */,
			);
			name = "Supporting Files";
			sourceTree = "<group>";
		};
		98B66230185728A20045FDBD /* ClassBrowserTests */ = {
			isa = PBXGroup;
			children = (
				9828F18C187EDE17003F1DC6 /* AppDelegateTests.m */,
				98B66236185728A20045FDBD /* ClassBrowserTests.m */,
				98B66248185780320045FDBD /* ClassListTests.m */,
				981613FA187C22F200A0BEDD /* CompilerTranscriptTests.m */,
				98B6624D1857D3A10045FDBD /* BrowserWindowControllerTests.m */,
				98B811D618621EF5004FF75F /* CodeTextViewControllerTests.m */,
				07FBA0311888B00800618658 /* PreferencesWindowControllerTests.m */,
				0770A46A188C689D00145954 /* CompilerPreferencesTests.m */,
				07C93DEE188A25F500BFFD21 /* CompilerPreferencesViewControllerTests.m */,
				980AC69C185A48CD00611C26 /* ExecutionTests.m */,
				9883068A187AB05200A4325C /* XcodeClangArgumentBuilderTests.m */,
				9828F18A187EC7A6003F1DC6 /* CompileAndRunCodeCommandHandlerTests.m */,
				98C653371B4A4E7A002987DE /* ObjectInspectorTests.m */,
				98F370F21B4C3CA400802347 /* InspectorControllerTests.m */,
				329FD1AB22D5CB2421BE5EB0 /* MethodSignatureSheetTests.m */,
				98ECDA4B1B542E3E003E951F /* MethodTests.m */,
				98ECDA501B54DCBD003E951F /* SourceRepositoryTests.m */,
				98CD1F191B5634E100733BAA /* SourceRepositoryClassListAdapterTests.m */,
				98B66231185728A20045FDBD /* Supporting Files */,
				98B6624418574BE90045FDBD /* FakeClassList.h */,
				98B6624518574BE90045FDBD /* FakeClassList.m */,
				98830690187ABD5100A4325C /* HumbleCompilerArgumentBuilder.h */,
				98830691187ABD5100A4325C /* HumbleCompilerArgumentBuilder.m */,
			);
			path = ClassBrowserTests;
			sourceTree = "<group>";
		};
		98B66231185728A20045FDBD /* Supporting Files */ = {
			isa = PBXGroup;
			children = (
				98147993187EBBF1009B8F04 /* OCMock.framework */,
				9883068C187AB99000A4325C /* XCTest+Async.h */,
				98B66232185728A20045FDBD /* ClassBrowserTests-Info.plist */,
				98B66233185728A20045FDBD /* InfoPlist.strings */,
			);
			name = "Supporting Files";
			sourceTree = "<group>";
		};
		98C8949B1B57864F009796BF /* Browsing Classes */ = {
			isa = PBXGroup;
			children = (
				98B6624118574B900045FDBD /* IKBClassBrowserSource.h */,
				98B6624218574B900045FDBD /* IKBClassBrowserSource.m */,
				98B6624018574B570045FDBD /* IKBRuntimeClassList.h */,
				98B6624A185788410045FDBD /* IKBRuntimeClassList.m */,
				98CD1F151B56325600733BAA /* IKBClassList_Protocol.h */,
				98B6624F1857D7480045FDBD /* IKBClassBrowserWindowController.h */,
				98B662541857D9EB0045FDBD /* IKBClassBrowserWindowController_ClassExtension.h */,
				98B662501857D7480045FDBD /* IKBClassBrowserWindowController.m */,
				98B662511857D7480045FDBD /* IKBClassBrowserWindowController.xib */,
			);
			name = "Browsing Classes";
			sourceTree = "<group>";
		};
		98FFC984187DA4DD00FE1659 /* IKBCommandBus */ = {
			isa = PBXGroup;
			children = (
				98FFC985187DA4FD00FE1659 /* IKBCommand.h */,
				98FFC986187DA4FD00FE1659 /* IKBCommandBus.h */,
				98FFC987187DA4FD00FE1659 /* IKBCommandBus.m */,
				98FFC988187DA4FD00FE1659 /* IKBCommandBus+Extension.h */,
				98FFC989187DA4FD00FE1659 /* IKBCommandHandler.h */,
			);
			name = IKBCommandBus;
			sourceTree = "<group>";
		};
/* End PBXGroup section */

/* Begin PBXNativeTarget section */
		98B66208185728A20045FDBD /* ClassBrowser */ = {
			isa = PBXNativeTarget;
			buildConfigurationList = 98B6623A185728A20045FDBD /* Build configuration list for PBXNativeTarget "ClassBrowser" */;
			buildPhases = (
				98B66205185728A20045FDBD /* Sources */,
				98B66206185728A20045FDBD /* Frameworks */,
				98B66207185728A20045FDBD /* Resources */,
			);
			buildRules = (
			);
			dependencies = (
			);
			name = ClassBrowser;
			productName = ClassBrowser;
			productReference = 98B66209185728A20045FDBD /* ClassBrowser.app */;
			productType = "com.apple.product-type.application";
		};
		98B66229185728A20045FDBD /* ClassBrowserTests */ = {
			isa = PBXNativeTarget;
			buildConfigurationList = 98B6623D185728A20045FDBD /* Build configuration list for PBXNativeTarget "ClassBrowserTests" */;
			buildPhases = (
				98B66226185728A20045FDBD /* Sources */,
				98B66227185728A20045FDBD /* Frameworks */,
				98B66228185728A20045FDBD /* Resources */,
				9828F185187EBEA3003F1DC6 /* CopyFiles */,
			);
			buildRules = (
			);
			dependencies = (
				98B6622F185728A20045FDBD /* PBXTargetDependency */,
			);
			name = ClassBrowserTests;
			productName = ClassBrowserTests;
			productReference = 98B6622A185728A20045FDBD /* ClassBrowserTests.xctest */;
			productType = "com.apple.product-type.bundle.unit-test";
		};
/* End PBXNativeTarget section */

/* Begin PBXProject section */
		98B66201185728A10045FDBD /* Project object */ = {
			isa = PBXProject;
			attributes = {
				CLASSPREFIX = IKB;
				LastUpgradeCheck = 0500;
				ORGANIZATIONNAME = "Project Isambard";
				TargetAttributes = {
					98B66229185728A20045FDBD = {
						TestTargetID = 98B66208185728A20045FDBD;
					};
				};
			};
			buildConfigurationList = 98B66204185728A10045FDBD /* Build configuration list for PBXProject "ClassBrowser" */;
			compatibilityVersion = "Xcode 3.2";
			developmentRegion = English;
			hasScannedForEncodings = 0;
			knownRegions = (
				en,
				Base,
			);
			mainGroup = 98B66200185728A10045FDBD;
			productRefGroup = 98B6620A185728A20045FDBD /* Products */;
			projectDirPath = "";
			projectRoot = "";
			targets = (
				98B66208185728A20045FDBD /* ClassBrowser */,
				98B66229185728A20045FDBD /* ClassBrowserTests */,
			);
		};
/* End PBXProject section */

/* Begin PBXResourcesBuildPhase section */
		98B66207185728A20045FDBD /* Resources */ = {
			isa = PBXResourcesBuildPhase;
			buildActionMask = 2147483647;
			files = (
				98B66217185728A20045FDBD /* InfoPlist.strings in Resources */,
				98B66225185728A20045FDBD /* Images.xcassets in Resources */,
				98B6621D185728A20045FDBD /* Credits.rtf in Resources */,
				98F370F11B4BA1A900802347 /* IKBInspectorWindowController.xib in Resources */,
				07C93DEA188A1C4000BFFD21 /* IKBCompilerPreferencesViewController.xib in Resources */,
				98B662531857D7480045FDBD /* IKBClassBrowserWindowController.xib in Resources */,
				98B66223185728A20045FDBD /* MainMenu.xib in Resources */,
				07FBA0301888AEF500618658 /* IKBPreferencesWindowController.xib in Resources */,
				981613F9187C1F1400A0BEDD /* IKBCompilerTranscriptWindowController.xib in Resources */,
				981DD5B418912A8B00EB971D /* emptysource in Resources */,
				329FD9DD239C75CD1327A560 /* IKBMethodSignatureSheetController.xib in Resources */,
			);
			runOnlyForDeploymentPostprocessing = 0;
		};
		98B66228185728A20045FDBD /* Resources */ = {
			isa = PBXResourcesBuildPhase;
			buildActionMask = 2147483647;
			files = (
				98B66235185728A20045FDBD /* InfoPlist.strings in Resources */,
			);
			runOnlyForDeploymentPostprocessing = 0;
		};
/* End PBXResourcesBuildPhase section */

/* Begin PBXSourcesBuildPhase section */
		98B66205185728A20045FDBD /* Sources */ = {
			isa = PBXSourcesBuildPhase;
			buildActionMask = 2147483647;
			files = (
				98F370F01B4BA1A900802347 /* IKBInspectorWindowController.m in Sources */,
				98B6624318574B900045FDBD /* IKBClassBrowserSource.m in Sources */,
				980AC6A1185A510000611C26 /* IKBCodeRunner.mm in Sources */,
				98B66219185728A20045FDBD /* main.m in Sources */,
				9880882A1B4A5AAB00D741B3 /* IKBInspectorDataSource.m in Sources */,
				98B66220185728A20045FDBD /* IKBAppDelegate.m in Sources */,
				98D7836418760BBD00C9137E /* IKBViewControllerOwnedView.m in Sources */,
				98B6624B185788410045FDBD /* IKBRuntimeClassList.m in Sources */,
				98ECDA4F1B54DC19003E951F /* IKBSourceRepository.m in Sources */,
				07C93DED188A200E00BFFD21 /* IKBBaseSDK.m in Sources */,
				98CD1F181B5633F200733BAA /* IKBSourceRepositoryClassList.m in Sources */,
				9828F190187EDFEF003F1DC6 /* IKBCompileAndRunCodeCommandHandler.m in Sources */,
				07FBA02E1888AE9F00618658 /* IKBPreferencesWindowController.m in Sources */,
				98B662521857D7480045FDBD /* IKBClassBrowserWindowController.m in Sources */,
				0770A468188C0F5000145954 /* IKBCompilerPreferences.m in Sources */,
				9883068F187ABA1D00A4325C /* IKBXcodeClangArgumentBuilder.m in Sources */,
				98B811DD186232C6004FF75F /* IKBCodeEditorViewController.m in Sources */,
				9828F189187EC515003F1DC6 /* IKBCompileAndRunCodeCommand.m in Sources */,
				98CD1F1D1B56368900733BAA /* IKBObjectiveCClass.m in Sources */,
				98FFC98A187DA4FD00FE1659 /* IKBCommandBus.m in Sources */,
				981613F8187C1F1400A0BEDD /* IKBCompilerTranscriptWindowController.m in Sources */,
				329FD5322DC22E445929B0A2 /* IKBLLVMBitcodeModule.m in Sources */,
				98F370F71B4D67E800802347 /* IKBInspectorProvider.m in Sources */,
				329FD4CD7BD92A498FE86CCA /* IKBClangCompiler.mm in Sources */,
				07D10B021896A0BC0023A9D9 /* IKBXcodeSelectTaskRunner.m in Sources */,
				329FD3C5E5859855BEE6F96B /* IKBLLVMBitcodeRunner.mm in Sources */,
				07C93DE9188A1C4000BFFD21 /* IKBCompilerPreferencesViewController.m in Sources */,
				329FD0C45F982C7D538CEE74 /* IKBMethodSignatureSheetController.m in Sources */,
				329FD5DDA8270CBD91A41A29 /* IKBObjectiveCMethod.m in Sources */,
			);
			runOnlyForDeploymentPostprocessing = 0;
		};
		98B66226185728A20045FDBD /* Sources */ = {
			isa = PBXSourcesBuildPhase;
			buildActionMask = 2147483647;
			files = (
				9883068B187AB05200A4325C /* XcodeClangArgumentBuilderTests.m in Sources */,
				9828F18B187EC7A6003F1DC6 /* CompileAndRunCodeCommandHandlerTests.m in Sources */,
				98C653381B4A4E7A002987DE /* ObjectInspectorTests.m in Sources */,
				9828F18D187EDE17003F1DC6 /* AppDelegateTests.m in Sources */,
				98B6624E1857D3A10045FDBD /* BrowserWindowControllerTests.m in Sources */,
				07C93DEF188A25F500BFFD21 /* CompilerPreferencesViewControllerTests.m in Sources */,
				981613FB187C22F200A0BEDD /* CompilerTranscriptTests.m in Sources */,
				980AC69D185A48CD00611C26 /* ExecutionTests.m in Sources */,
				0770A46B188C689D00145954 /* CompilerPreferencesTests.m in Sources */,
				98CD1F1A1B5634E100733BAA /* SourceRepositoryClassListAdapterTests.m in Sources */,
				98B811D718621EF5004FF75F /* CodeTextViewControllerTests.m in Sources */,
				98B66249185780320045FDBD /* ClassListTests.m in Sources */,
				98B66237185728A20045FDBD /* ClassBrowserTests.m in Sources */,
				98F370F31B4C3CA400802347 /* InspectorControllerTests.m in Sources */,
				98830692187ABD5100A4325C /* HumbleCompilerArgumentBuilder.m in Sources */,
				07FBA0321888B00800618658 /* PreferencesWindowControllerTests.m in Sources */,
				98ECDA511B54DCBD003E951F /* SourceRepositoryTests.m in Sources */,
				98B6624C185791510045FDBD /* FakeClassList.m in Sources */,
				98ECDA4C1B542E3E003E951F /* MethodTests.m in Sources */,
				329FD402601C2E8E355B4DFB /* MethodSignatureSheetTests.m in Sources */,
			);
			runOnlyForDeploymentPostprocessing = 0;
		};
/* End PBXSourcesBuildPhase section */

/* Begin PBXTargetDependency section */
		98B6622F185728A20045FDBD /* PBXTargetDependency */ = {
			isa = PBXTargetDependency;
			target = 98B66208185728A20045FDBD /* ClassBrowser */;
			targetProxy = 98B6622E185728A20045FDBD /* PBXContainerItemProxy */;
		};
/* End PBXTargetDependency section */

/* Begin PBXVariantGroup section */
		98B66215185728A20045FDBD /* InfoPlist.strings */ = {
			isa = PBXVariantGroup;
			children = (
				98B66216185728A20045FDBD /* en */,
			);
			name = InfoPlist.strings;
			sourceTree = "<group>";
		};
		98B6621B185728A20045FDBD /* Credits.rtf */ = {
			isa = PBXVariantGroup;
			children = (
				98B6621C185728A20045FDBD /* en */,
			);
			name = Credits.rtf;
			sourceTree = "<group>";
		};
		98B66221185728A20045FDBD /* MainMenu.xib */ = {
			isa = PBXVariantGroup;
			children = (
				98B66222185728A20045FDBD /* Base */,
			);
			name = MainMenu.xib;
			sourceTree = "<group>";
		};
		98B66233185728A20045FDBD /* InfoPlist.strings */ = {
			isa = PBXVariantGroup;
			children = (
				98B66234185728A20045FDBD /* en */,
			);
			name = InfoPlist.strings;
			sourceTree = "<group>";
		};
/* End PBXVariantGroup section */

/* Begin XCBuildConfiguration section */
		98B66238185728A20045FDBD /* Debug */ = {
			isa = XCBuildConfiguration;
			buildSettings = {
				ALWAYS_SEARCH_USER_PATHS = NO;
				CLANG_CXX_LANGUAGE_STANDARD = "gnu++0x";
				CLANG_CXX_LIBRARY = "libc++";
				CLANG_ENABLE_OBJC_ARC = YES;
				CLANG_WARN_BOOL_CONVERSION = YES;
				CLANG_WARN_CONSTANT_CONVERSION = YES;
				CLANG_WARN_DIRECT_OBJC_ISA_USAGE = YES_ERROR;
				CLANG_WARN_EMPTY_BODY = YES;
				CLANG_WARN_ENUM_CONVERSION = YES;
				CLANG_WARN_INT_CONVERSION = YES;
				CLANG_WARN_OBJC_ROOT_CLASS = YES_ERROR;
				CLANG_WARN__DUPLICATE_METHOD_MATCH = YES;
				COPY_PHASE_STRIP = NO;
				GCC_C_LANGUAGE_STANDARD = gnu99;
				GCC_DYNAMIC_NO_PIC = NO;
				GCC_ENABLE_OBJC_EXCEPTIONS = YES;
				GCC_OPTIMIZATION_LEVEL = 0;
				GCC_PREPROCESSOR_DEFINITIONS = (
					"DEBUG=1",
					"$(inherited)",
				);
				GCC_SYMBOLS_PRIVATE_EXTERN = NO;
				GCC_WARN_64_TO_32_BIT_CONVERSION = YES;
				GCC_WARN_ABOUT_RETURN_TYPE = YES_ERROR;
				GCC_WARN_UNDECLARED_SELECTOR = YES;
				GCC_WARN_UNINITIALIZED_AUTOS = YES;
				GCC_WARN_UNUSED_FUNCTION = YES;
				GCC_WARN_UNUSED_VARIABLE = YES;
				MACOSX_DEPLOYMENT_TARGET = 10.9;
				ONLY_ACTIVE_ARCH = YES;
				SDKROOT = macosx;
			};
			name = Debug;
		};
		98B66239185728A20045FDBD /* Release */ = {
			isa = XCBuildConfiguration;
			buildSettings = {
				ALWAYS_SEARCH_USER_PATHS = NO;
				CLANG_CXX_LANGUAGE_STANDARD = "gnu++0x";
				CLANG_CXX_LIBRARY = "libc++";
				CLANG_ENABLE_OBJC_ARC = YES;
				CLANG_WARN_BOOL_CONVERSION = YES;
				CLANG_WARN_CONSTANT_CONVERSION = YES;
				CLANG_WARN_DIRECT_OBJC_ISA_USAGE = YES_ERROR;
				CLANG_WARN_EMPTY_BODY = YES;
				CLANG_WARN_ENUM_CONVERSION = YES;
				CLANG_WARN_INT_CONVERSION = YES;
				CLANG_WARN_OBJC_ROOT_CLASS = YES_ERROR;
				CLANG_WARN__DUPLICATE_METHOD_MATCH = YES;
				COPY_PHASE_STRIP = YES;
				DEBUG_INFORMATION_FORMAT = "dwarf-with-dsym";
				ENABLE_NS_ASSERTIONS = NO;
				GCC_C_LANGUAGE_STANDARD = gnu99;
				GCC_ENABLE_OBJC_EXCEPTIONS = YES;
				GCC_WARN_64_TO_32_BIT_CONVERSION = YES;
				GCC_WARN_ABOUT_RETURN_TYPE = YES_ERROR;
				GCC_WARN_UNDECLARED_SELECTOR = YES;
				GCC_WARN_UNINITIALIZED_AUTOS = YES;
				GCC_WARN_UNUSED_FUNCTION = YES;
				GCC_WARN_UNUSED_VARIABLE = YES;
				MACOSX_DEPLOYMENT_TARGET = 10.9;
				SDKROOT = macosx;
			};
			name = Release;
		};
		98B6623B185728A20045FDBD /* Debug */ = {
			isa = XCBuildConfiguration;
			buildSettings = {
				ASSETCATALOG_COMPILER_APPICON_NAME = AppIcon;
				COMBINE_HIDPI_IMAGES = YES;
				GCC_PRECOMPILE_PREFIX_HEADER = YES;
				GCC_PREFIX_HEADER = "ClassBrowser/ClassBrowser-Prefix.pch";
				HEADER_SEARCH_PATHS = (
					"$(inherited)",
					/Applications/Xcode.app/Contents/Developer/Toolchains/XcodeDefault.xctoolchain/usr/include,
					/usr/local/include,
				);
				INFOPLIST_FILE = "ClassBrowser/ClassBrowser-Info.plist";
				LIBRARY_SEARCH_PATHS = /usr/local/lib;
				OTHER_CPLUSPLUSFLAGS = (
					"$(OTHER_CFLAGS)",
					"-D_DEBUG",
					"-D_GNU_SOURCE",
					"-D__STDC_CONSTANT_MACROS",
					"-D__STDC_FORMAT_MACROS",
					"-D__STDC_LIMIT_MACROS",
					"-fvisibility-inlines-hidden",
					"-fno-exceptions",
					"-fno-common",
					"-fno-rtti",
				);
				"OTHER_LDFLAGS[arch=*]" = (
					"-lLLVMLTO",
					"-lLLVMObjCARCOpts",
					"-lLLVMLinker",
					"-lLLVMBitWriter",
					"-lLLVMIRReader",
					"-lLLVMBPFCodeGen",
					"-lLLVMBPFDesc",
					"-lLLVMBPFInfo",
					"-lLLVMBPFAsmPrinter",
					"-lLLVMAMDGPUCodeGen",
					"-lLLVMAMDGPUAsmParser",
					"-lLLVMAMDGPUUtils",
					"-lLLVMAMDGPUDesc",
					"-lLLVMAMDGPUInfo",
					"-lLLVMAMDGPUAsmPrinter",
					"-lLLVMSystemZDisassembler",
					"-lLLVMSystemZCodeGen",
					"-lLLVMSystemZAsmParser",
					"-lLLVMSystemZDesc",
					"-lLLVMSystemZInfo",
					"-lLLVMSystemZAsmPrinter",
					"-lLLVMHexagonDisassembler",
					"-lLLVMHexagonCodeGen",
					"-lLLVMHexagonDesc",
					"-lLLVMHexagonInfo",
					"-lLLVMNVPTXCodeGen",
					"-lLLVMNVPTXDesc",
					"-lLLVMNVPTXInfo",
					"-lLLVMNVPTXAsmPrinter",
					"-lLLVMCppBackendCodeGen",
					"-lLLVMCppBackendInfo",
					"-lLLVMMSP430CodeGen",
					"-lLLVMMSP430Desc",
					"-lLLVMMSP430Info",
					"-lLLVMMSP430AsmPrinter",
					"-lLLVMXCoreDisassembler",
					"-lLLVMXCoreCodeGen",
					"-lLLVMXCoreDesc",
					"-lLLVMXCoreInfo",
					"-lLLVMXCoreAsmPrinter",
					"-lLLVMMipsDisassembler",
					"-lLLVMMipsCodeGen",
					"-lLLVMMipsAsmParser",
					"-lLLVMMipsDesc",
					"-lLLVMMipsInfo",
					"-lLLVMMipsAsmPrinter",
					"-lLLVMAArch64Disassembler",
					"-lLLVMAArch64CodeGen",
					"-lLLVMAArch64AsmParser",
					"-lLLVMAArch64Desc",
					"-lLLVMAArch64Info",
					"-lLLVMAArch64AsmPrinter",
					"-lLLVMAArch64Utils",
					"-lLLVMARMDisassembler",
					"-lLLVMARMCodeGen",
					"-lLLVMARMAsmParser",
					"-lLLVMARMDesc",
					"-lLLVMARMInfo",
					"-lLLVMARMAsmPrinter",
					"-lLLVMPowerPCDisassembler",
					"-lLLVMPowerPCCodeGen",
					"-lLLVMPowerPCAsmParser",
					"-lLLVMPowerPCDesc",
					"-lLLVMPowerPCInfo",
					"-lLLVMPowerPCAsmPrinter",
					"-lLLVMSparcDisassembler",
					"-lLLVMSparcCodeGen",
					"-lLLVMSparcAsmParser",
					"-lLLVMSparcDesc",
					"-lLLVMSparcInfo",
					"-lLLVMSparcAsmPrinter",
					"-lLLVMMIRParser",
					"-lLLVMAsmParser",
					"-lLLVMLibDriver",
					"-lLLVMOption",
					"-lLLVMDebugInfoPDB",
					"-lLLVMTableGen",
					"-lLLVMOrcJIT",
					"-lLLVMLineEditor",
					"-lLLVMX86Disassembler",
					"-lLLVMX86AsmParser",
					"-lLLVMX86CodeGen",
					"-lLLVMSelectionDAG",
					"-lLLVMAsmPrinter",
					"-lLLVMX86Desc",
					"-lLLVMMCDisassembler",
					"-lLLVMX86Info",
					"-lLLVMX86AsmPrinter",
					"-lLLVMX86Utils",
					"-lLLVMMCJIT",
					"-lLLVMDebugInfoDWARF",
					"-lLLVMPasses",
					"-lLLVMipo",
					"-lLLVMVectorize",
					"-lLLVMInterpreter",
					"-lLLVMExecutionEngine",
					"-lLLVMRuntimeDyld",
					"-lLLVMCodeGen",
					"-lLLVMTarget",
					"-lLLVMScalarOpts",
					"-lLLVMProfileData",
					"-lLLVMObject",
					"-lLLVMMCParser",
					"-lLLVMBitReader",
					"-lLLVMInstCombine",
					"-lLLVMInstrumentation",
					"-lLLVMTransformUtils",
					"-lLLVMipa",
					"-lLLVMMC",
					"-lLLVMAnalysis",
					"-lLLVMCore",
					"-lLLVMSupport",
					"-v",
				);
				PRODUCT_NAME = "$(TARGET_NAME)";
				WRAPPER_EXTENSION = app;
			};
			name = Debug;
		};
		98B6623C185728A20045FDBD /* Release */ = {
			isa = XCBuildConfiguration;
			buildSettings = {
				ASSETCATALOG_COMPILER_APPICON_NAME = AppIcon;
				COMBINE_HIDPI_IMAGES = YES;
				GCC_PRECOMPILE_PREFIX_HEADER = YES;
				GCC_PREFIX_HEADER = "ClassBrowser/ClassBrowser-Prefix.pch";
				HEADER_SEARCH_PATHS = (
					"$(inherited)",
					/Applications/Xcode.app/Contents/Developer/Toolchains/XcodeDefault.xctoolchain/usr/include,
					/usr/local/include,
				);
				INFOPLIST_FILE = "ClassBrowser/ClassBrowser-Info.plist";
				LIBRARY_SEARCH_PATHS = /usr/local/lib;
				OTHER_CPLUSPLUSFLAGS = (
					"$(OTHER_CFLAGS)",
					"-D_DEBUG",
					"-D_GNU_SOURCE",
					"-D__STDC_CONSTANT_MACROS",
					"-D__STDC_FORMAT_MACROS",
					"-D__STDC_LIMIT_MACROS",
					"-fvisibility-inlines-hidden",
					"-fno-exceptions",
					"-fno-common",
					"-fno-rtti",
				);
				"OTHER_LDFLAGS[arch=*]" = (
					"-lLLVMLTO",
					"-lLLVMObjCARCOpts",
					"-lLLVMLinker",
					"-lLLVMBitWriter",
					"-lLLVMIRReader",
					"-lLLVMBPFCodeGen",
					"-lLLVMBPFDesc",
					"-lLLVMBPFInfo",
					"-lLLVMBPFAsmPrinter",
					"-lLLVMAMDGPUCodeGen",
					"-lLLVMAMDGPUAsmParser",
					"-lLLVMAMDGPUUtils",
					"-lLLVMAMDGPUDesc",
					"-lLLVMAMDGPUInfo",
					"-lLLVMAMDGPUAsmPrinter",
					"-lLLVMSystemZDisassembler",
					"-lLLVMSystemZCodeGen",
					"-lLLVMSystemZAsmParser",
					"-lLLVMSystemZDesc",
					"-lLLVMSystemZInfo",
					"-lLLVMSystemZAsmPrinter",
					"-lLLVMHexagonDisassembler",
					"-lLLVMHexagonCodeGen",
					"-lLLVMHexagonDesc",
					"-lLLVMHexagonInfo",
					"-lLLVMNVPTXCodeGen",
					"-lLLVMNVPTXDesc",
					"-lLLVMNVPTXInfo",
					"-lLLVMNVPTXAsmPrinter",
					"-lLLVMCppBackendCodeGen",
					"-lLLVMCppBackendInfo",
					"-lLLVMMSP430CodeGen",
					"-lLLVMMSP430Desc",
					"-lLLVMMSP430Info",
					"-lLLVMMSP430AsmPrinter",
					"-lLLVMXCoreDisassembler",
					"-lLLVMXCoreCodeGen",
					"-lLLVMXCoreDesc",
					"-lLLVMXCoreInfo",
					"-lLLVMXCoreAsmPrinter",
					"-lLLVMMipsDisassembler",
					"-lLLVMMipsCodeGen",
					"-lLLVMMipsAsmParser",
					"-lLLVMMipsDesc",
					"-lLLVMMipsInfo",
					"-lLLVMMipsAsmPrinter",
					"-lLLVMAArch64Disassembler",
					"-lLLVMAArch64CodeGen",
					"-lLLVMAArch64AsmParser",
					"-lLLVMAArch64Desc",
					"-lLLVMAArch64Info",
					"-lLLVMAArch64AsmPrinter",
					"-lLLVMAArch64Utils",
					"-lLLVMARMDisassembler",
					"-lLLVMARMCodeGen",
					"-lLLVMARMAsmParser",
					"-lLLVMARMDesc",
					"-lLLVMARMInfo",
					"-lLLVMARMAsmPrinter",
					"-lLLVMPowerPCDisassembler",
					"-lLLVMPowerPCCodeGen",
					"-lLLVMPowerPCAsmParser",
					"-lLLVMPowerPCDesc",
					"-lLLVMPowerPCInfo",
					"-lLLVMPowerPCAsmPrinter",
					"-lLLVMSparcDisassembler",
					"-lLLVMSparcCodeGen",
					"-lLLVMSparcAsmParser",
					"-lLLVMSparcDesc",
					"-lLLVMSparcInfo",
					"-lLLVMSparcAsmPrinter",
					"-lLLVMMIRParser",
					"-lLLVMAsmParser",
					"-lLLVMLibDriver",
					"-lLLVMOption",
					"-lLLVMDebugInfoPDB",
					"-lLLVMTableGen",
					"-lLLVMOrcJIT",
					"-lLLVMLineEditor",
					"-lLLVMX86Disassembler",
					"-lLLVMX86AsmParser",
					"-lLLVMX86CodeGen",
					"-lLLVMSelectionDAG",
					"-lLLVMAsmPrinter",
					"-lLLVMX86Desc",
					"-lLLVMMCDisassembler",
					"-lLLVMX86Info",
					"-lLLVMX86AsmPrinter",
					"-lLLVMX86Utils",
					"-lLLVMMCJIT",
					"-lLLVMDebugInfoDWARF",
					"-lLLVMPasses",
					"-lLLVMipo",
					"-lLLVMVectorize",
					"-lLLVMInterpreter",
					"-lLLVMExecutionEngine",
					"-lLLVMRuntimeDyld",
					"-lLLVMCodeGen",
					"-lLLVMTarget",
					"-lLLVMScalarOpts",
					"-lLLVMProfileData",
					"-lLLVMObject",
					"-lLLVMMCParser",
					"-lLLVMBitReader",
					"-lLLVMInstCombine",
					"-lLLVMInstrumentation",
					"-lLLVMTransformUtils",
					"-lLLVMipa",
					"-lLLVMMC",
					"-lLLVMAnalysis",
					"-lLLVMCore",
					"-lLLVMSupport",
				);
				PRODUCT_NAME = "$(TARGET_NAME)";
				WRAPPER_EXTENSION = app;
			};
			name = Release;
		};
		98B6623E185728A20045FDBD /* Debug */ = {
			isa = XCBuildConfiguration;
			buildSettings = {
				BUNDLE_LOADER = "$(BUILT_PRODUCTS_DIR)/ClassBrowser.app/Contents/MacOS/ClassBrowser";
				COMBINE_HIDPI_IMAGES = YES;
				FRAMEWORK_SEARCH_PATHS = (
					"$(DEVELOPER_FRAMEWORKS_DIR)",
					"$(inherited)",
					"$(PROJECT_DIR)/ClassBrowserTests",
				);
				GCC_PRECOMPILE_PREFIX_HEADER = YES;
				GCC_PREFIX_HEADER = "ClassBrowser/ClassBrowser-Prefix.pch";
				GCC_PREPROCESSOR_DEFINITIONS = (
					"DEBUG=1",
					"$(inherited)",
				);
				INFOPLIST_FILE = "ClassBrowserTests/ClassBrowserTests-Info.plist";
				LD_RUNPATH_SEARCH_PATHS = "@loader_path/../Frameworks";
				PRODUCT_NAME = "$(TARGET_NAME)";
				TEST_HOST = "$(BUNDLE_LOADER)";
				WRAPPER_EXTENSION = xctest;
			};
			name = Debug;
		};
		98B6623F185728A20045FDBD /* Release */ = {
			isa = XCBuildConfiguration;
			buildSettings = {
				BUNDLE_LOADER = "$(BUILT_PRODUCTS_DIR)/ClassBrowser.app/Contents/MacOS/ClassBrowser";
				COMBINE_HIDPI_IMAGES = YES;
				FRAMEWORK_SEARCH_PATHS = (
					"$(DEVELOPER_FRAMEWORKS_DIR)",
					"$(inherited)",
					"$(PROJECT_DIR)/ClassBrowserTests",
				);
				GCC_PRECOMPILE_PREFIX_HEADER = YES;
				GCC_PREFIX_HEADER = "ClassBrowser/ClassBrowser-Prefix.pch";
				INFOPLIST_FILE = "ClassBrowserTests/ClassBrowserTests-Info.plist";
				LD_RUNPATH_SEARCH_PATHS = "@loader_path/../Frameworks";
				PRODUCT_NAME = "$(TARGET_NAME)";
				TEST_HOST = "$(BUNDLE_LOADER)";
				WRAPPER_EXTENSION = xctest;
			};
			name = Release;
		};
/* End XCBuildConfiguration section */

/* Begin XCConfigurationList section */
		98B66204185728A10045FDBD /* Build configuration list for PBXProject "ClassBrowser" */ = {
			isa = XCConfigurationList;
			buildConfigurations = (
				98B66238185728A20045FDBD /* Debug */,
				98B66239185728A20045FDBD /* Release */,
			);
			defaultConfigurationIsVisible = 0;
			defaultConfigurationName = Release;
		};
		98B6623A185728A20045FDBD /* Build configuration list for PBXNativeTarget "ClassBrowser" */ = {
			isa = XCConfigurationList;
			buildConfigurations = (
				98B6623B185728A20045FDBD /* Debug */,
				98B6623C185728A20045FDBD /* Release */,
			);
			defaultConfigurationIsVisible = 0;
			defaultConfigurationName = Release;
		};
		98B6623D185728A20045FDBD /* Build configuration list for PBXNativeTarget "ClassBrowserTests" */ = {
			isa = XCConfigurationList;
			buildConfigurations = (
				98B6623E185728A20045FDBD /* Debug */,
				98B6623F185728A20045FDBD /* Release */,
			);
			defaultConfigurationIsVisible = 0;
			defaultConfigurationName = Release;
		};
/* End XCConfigurationList section */
	};
	rootObject = 98B66201185728A10045FDBD /* Project object */;
}
