// !$*UTF8*$!
{
	archiveVersion = 1;
	classes = {
	};
	objectVersion = 46;
	objects = {

/* Begin PBXBuildFile section */
		980AC69D185A48CD00611C26 /* ExecutionTests.m in Sources */ = {isa = PBXBuildFile; fileRef = 980AC69C185A48CD00611C26 /* ExecutionTests.m */; };
		980AC6A1185A510000611C26 /* IKBCodeRunner.m in Sources */ = {isa = PBXBuildFile; fileRef = 980AC6A0185A510000611C26 /* IKBCodeRunner.m */; };
		980AC6A4185A519600611C26 /* IKBCompiler.mm in Sources */ = {isa = PBXBuildFile; fileRef = 980AC6A3185A519600611C26 /* IKBCompiler.mm */; };
		980AC6A6185A524100611C26 /* CompilerTests.m in Sources */ = {isa = PBXBuildFile; fileRef = 980AC6A5185A524100611C26 /* CompilerTests.m */; };
		98B6620D185728A20045FDBD /* Cocoa.framework in Frameworks */ = {isa = PBXBuildFile; fileRef = 98B6620C185728A20045FDBD /* Cocoa.framework */; };
		98B66217185728A20045FDBD /* InfoPlist.strings in Resources */ = {isa = PBXBuildFile; fileRef = 98B66215185728A20045FDBD /* InfoPlist.strings */; };
		98B66219185728A20045FDBD /* main.m in Sources */ = {isa = PBXBuildFile; fileRef = 98B66218185728A20045FDBD /* main.m */; };
		98B6621D185728A20045FDBD /* Credits.rtf in Resources */ = {isa = PBXBuildFile; fileRef = 98B6621B185728A20045FDBD /* Credits.rtf */; };
		98B66220185728A20045FDBD /* IKBAppDelegate.m in Sources */ = {isa = PBXBuildFile; fileRef = 98B6621F185728A20045FDBD /* IKBAppDelegate.m */; };
		98B66223185728A20045FDBD /* MainMenu.xib in Resources */ = {isa = PBXBuildFile; fileRef = 98B66221185728A20045FDBD /* MainMenu.xib */; };
		98B66225185728A20045FDBD /* Images.xcassets in Resources */ = {isa = PBXBuildFile; fileRef = 98B66224185728A20045FDBD /* Images.xcassets */; };
		98B6622C185728A20045FDBD /* XCTest.framework in Frameworks */ = {isa = PBXBuildFile; fileRef = 98B6622B185728A20045FDBD /* XCTest.framework */; };
		98B6622D185728A20045FDBD /* Cocoa.framework in Frameworks */ = {isa = PBXBuildFile; fileRef = 98B6620C185728A20045FDBD /* Cocoa.framework */; };
		98B66235185728A20045FDBD /* InfoPlist.strings in Resources */ = {isa = PBXBuildFile; fileRef = 98B66233185728A20045FDBD /* InfoPlist.strings */; };
		98B66237185728A20045FDBD /* ClassBrowserTests.m in Sources */ = {isa = PBXBuildFile; fileRef = 98B66236185728A20045FDBD /* ClassBrowserTests.m */; };
		98B6624318574B900045FDBD /* IKBClassBrowserSource.m in Sources */ = {isa = PBXBuildFile; fileRef = 98B6624218574B900045FDBD /* IKBClassBrowserSource.m */; };
		98B66249185780320045FDBD /* ClassListTests.m in Sources */ = {isa = PBXBuildFile; fileRef = 98B66248185780320045FDBD /* ClassListTests.m */; };
		98B6624B185788410045FDBD /* IKBClassList.m in Sources */ = {isa = PBXBuildFile; fileRef = 98B6624A185788410045FDBD /* IKBClassList.m */; settings = {COMPILER_FLAGS = "-fno-objc-arc"; }; };
		98B6624C185791510045FDBD /* FakeClassList.m in Sources */ = {isa = PBXBuildFile; fileRef = 98B6624518574BE90045FDBD /* FakeClassList.m */; };
		98B6624E1857D3A10045FDBD /* BrowserWindowControllerTests.m in Sources */ = {isa = PBXBuildFile; fileRef = 98B6624D1857D3A10045FDBD /* BrowserWindowControllerTests.m */; };
		98B662521857D7480045FDBD /* IKBClassBrowserWindowController.m in Sources */ = {isa = PBXBuildFile; fileRef = 98B662501857D7480045FDBD /* IKBClassBrowserWindowController.m */; };
		98B662531857D7480045FDBD /* IKBClassBrowserWindowController.xib in Resources */ = {isa = PBXBuildFile; fileRef = 98B662511857D7480045FDBD /* IKBClassBrowserWindowController.xib */; };
/* End PBXBuildFile section */

/* Begin PBXContainerItemProxy section */
		98B6622E185728A20045FDBD /* PBXContainerItemProxy */ = {
			isa = PBXContainerItemProxy;
			containerPortal = 98B66201185728A10045FDBD /* Project object */;
			proxyType = 1;
			remoteGlobalIDString = 98B66208185728A20045FDBD;
			remoteInfo = ClassBrowser;
		};
/* End PBXContainerItemProxy section */

/* Begin PBXFileReference section */
		980AC69C185A48CD00611C26 /* ExecutionTests.m */ = {isa = PBXFileReference; fileEncoding = 4; lastKnownFileType = sourcecode.c.objc; path = ExecutionTests.m; sourceTree = "<group>"; };
		980AC69F185A510000611C26 /* IKBCodeRunner.h */ = {isa = PBXFileReference; fileEncoding = 4; lastKnownFileType = sourcecode.c.h; name = IKBCodeRunner.h; path = "Code Execution/IKBCodeRunner.h"; sourceTree = "<group>"; };
		980AC6A0185A510000611C26 /* IKBCodeRunner.m */ = {isa = PBXFileReference; fileEncoding = 4; lastKnownFileType = sourcecode.c.objc; name = IKBCodeRunner.m; path = "Code Execution/IKBCodeRunner.m"; sourceTree = "<group>"; };
		980AC6A2185A519600611C26 /* IKBCompiler.h */ = {isa = PBXFileReference; fileEncoding = 4; lastKnownFileType = sourcecode.c.h; name = IKBCompiler.h; path = "Code Execution/IKBCompiler.h"; sourceTree = "<group>"; };
		980AC6A3185A519600611C26 /* IKBCompiler.mm */ = {isa = PBXFileReference; fileEncoding = 4; lastKnownFileType = sourcecode.cpp.objcpp; name = IKBCompiler.mm; path = "Code Execution/IKBCompiler.mm"; sourceTree = "<group>"; };
		980AC6A5185A524100611C26 /* CompilerTests.m */ = {isa = PBXFileReference; fileEncoding = 4; lastKnownFileType = sourcecode.c.objc; path = CompilerTests.m; sourceTree = "<group>"; };
		98B66209185728A20045FDBD /* ClassBrowser.app */ = {isa = PBXFileReference; explicitFileType = wrapper.application; includeInIndex = 0; path = ClassBrowser.app; sourceTree = BUILT_PRODUCTS_DIR; };
		98B6620C185728A20045FDBD /* Cocoa.framework */ = {isa = PBXFileReference; lastKnownFileType = wrapper.framework; name = Cocoa.framework; path = System/Library/Frameworks/Cocoa.framework; sourceTree = SDKROOT; };
		98B6620F185728A20045FDBD /* AppKit.framework */ = {isa = PBXFileReference; lastKnownFileType = wrapper.framework; name = AppKit.framework; path = System/Library/Frameworks/AppKit.framework; sourceTree = SDKROOT; };
		98B66210185728A20045FDBD /* CoreData.framework */ = {isa = PBXFileReference; lastKnownFileType = wrapper.framework; name = CoreData.framework; path = System/Library/Frameworks/CoreData.framework; sourceTree = SDKROOT; };
		98B66211185728A20045FDBD /* Foundation.framework */ = {isa = PBXFileReference; lastKnownFileType = wrapper.framework; name = Foundation.framework; path = System/Library/Frameworks/Foundation.framework; sourceTree = SDKROOT; };
		98B66214185728A20045FDBD /* ClassBrowser-Info.plist */ = {isa = PBXFileReference; lastKnownFileType = text.plist.xml; path = "ClassBrowser-Info.plist"; sourceTree = "<group>"; };
		98B66216185728A20045FDBD /* en */ = {isa = PBXFileReference; lastKnownFileType = text.plist.strings; name = en; path = en.lproj/InfoPlist.strings; sourceTree = "<group>"; };
		98B66218185728A20045FDBD /* main.m */ = {isa = PBXFileReference; lastKnownFileType = sourcecode.c.objc; path = main.m; sourceTree = "<group>"; };
		98B6621A185728A20045FDBD /* ClassBrowser-Prefix.pch */ = {isa = PBXFileReference; lastKnownFileType = sourcecode.c.h; path = "ClassBrowser-Prefix.pch"; sourceTree = "<group>"; };
		98B6621C185728A20045FDBD /* en */ = {isa = PBXFileReference; lastKnownFileType = text.rtf; name = en; path = en.lproj/Credits.rtf; sourceTree = "<group>"; };
		98B6621E185728A20045FDBD /* IKBAppDelegate.h */ = {isa = PBXFileReference; lastKnownFileType = sourcecode.c.h; path = IKBAppDelegate.h; sourceTree = "<group>"; };
		98B6621F185728A20045FDBD /* IKBAppDelegate.m */ = {isa = PBXFileReference; lastKnownFileType = sourcecode.c.objc; path = IKBAppDelegate.m; sourceTree = "<group>"; };
		98B66222185728A20045FDBD /* Base */ = {isa = PBXFileReference; lastKnownFileType = file.xib; name = Base; path = Base.lproj/MainMenu.xib; sourceTree = "<group>"; };
		98B66224185728A20045FDBD /* Images.xcassets */ = {isa = PBXFileReference; lastKnownFileType = folder.assetcatalog; path = Images.xcassets; sourceTree = "<group>"; };
		98B6622A185728A20045FDBD /* ClassBrowserTests.xctest */ = {isa = PBXFileReference; explicitFileType = wrapper.cfbundle; includeInIndex = 0; path = ClassBrowserTests.xctest; sourceTree = BUILT_PRODUCTS_DIR; };
		98B6622B185728A20045FDBD /* XCTest.framework */ = {isa = PBXFileReference; lastKnownFileType = wrapper.framework; name = XCTest.framework; path = Library/Frameworks/XCTest.framework; sourceTree = DEVELOPER_DIR; };
		98B66232185728A20045FDBD /* ClassBrowserTests-Info.plist */ = {isa = PBXFileReference; lastKnownFileType = text.plist.xml; path = "ClassBrowserTests-Info.plist"; sourceTree = "<group>"; };
		98B66234185728A20045FDBD /* en */ = {isa = PBXFileReference; lastKnownFileType = text.plist.strings; name = en; path = en.lproj/InfoPlist.strings; sourceTree = "<group>"; };
		98B66236185728A20045FDBD /* ClassBrowserTests.m */ = {isa = PBXFileReference; lastKnownFileType = sourcecode.c.objc; path = ClassBrowserTests.m; sourceTree = "<group>"; };
		98B6624018574B570045FDBD /* IKBClassList.h */ = {isa = PBXFileReference; lastKnownFileType = sourcecode.c.h; path = IKBClassList.h; sourceTree = "<group>"; };
		98B6624118574B900045FDBD /* IKBClassBrowserSource.h */ = {isa = PBXFileReference; fileEncoding = 4; lastKnownFileType = sourcecode.c.h; path = IKBClassBrowserSource.h; sourceTree = "<group>"; };
		98B6624218574B900045FDBD /* IKBClassBrowserSource.m */ = {isa = PBXFileReference; fileEncoding = 4; lastKnownFileType = sourcecode.c.objc; path = IKBClassBrowserSource.m; sourceTree = "<group>"; };
		98B6624418574BE90045FDBD /* FakeClassList.h */ = {isa = PBXFileReference; fileEncoding = 4; lastKnownFileType = sourcecode.c.h; path = FakeClassList.h; sourceTree = "<group>"; };
		98B6624518574BE90045FDBD /* FakeClassList.m */ = {isa = PBXFileReference; fileEncoding = 4; lastKnownFileType = sourcecode.c.objc; path = FakeClassList.m; sourceTree = "<group>"; };
		98B66248185780320045FDBD /* ClassListTests.m */ = {isa = PBXFileReference; fileEncoding = 4; lastKnownFileType = sourcecode.c.objc; path = ClassListTests.m; sourceTree = "<group>"; };
		98B6624A185788410045FDBD /* IKBClassList.m */ = {isa = PBXFileReference; fileEncoding = 4; lastKnownFileType = sourcecode.c.objc; path = IKBClassList.m; sourceTree = "<group>"; };
		98B6624D1857D3A10045FDBD /* BrowserWindowControllerTests.m */ = {isa = PBXFileReference; fileEncoding = 4; lastKnownFileType = sourcecode.c.objc; path = BrowserWindowControllerTests.m; sourceTree = "<group>"; };
		98B6624F1857D7480045FDBD /* IKBClassBrowserWindowController.h */ = {isa = PBXFileReference; fileEncoding = 4; lastKnownFileType = sourcecode.c.h; path = IKBClassBrowserWindowController.h; sourceTree = "<group>"; };
		98B662501857D7480045FDBD /* IKBClassBrowserWindowController.m */ = {isa = PBXFileReference; fileEncoding = 4; lastKnownFileType = sourcecode.c.objc; path = IKBClassBrowserWindowController.m; sourceTree = "<group>"; };
		98B662511857D7480045FDBD /* IKBClassBrowserWindowController.xib */ = {isa = PBXFileReference; fileEncoding = 4; lastKnownFileType = file.xib; path = IKBClassBrowserWindowController.xib; sourceTree = "<group>"; };
		98B662541857D9EB0045FDBD /* IKBClassBrowserWindowController_ClassExtension.h */ = {isa = PBXFileReference; lastKnownFileType = sourcecode.c.h; path = IKBClassBrowserWindowController_ClassExtension.h; sourceTree = "<group>"; };
/* End PBXFileReference section */

/* Begin PBXFrameworksBuildPhase section */
		98B66206185728A20045FDBD /* Frameworks */ = {
			isa = PBXFrameworksBuildPhase;
			buildActionMask = 2147483647;
			files = (
				98B6620D185728A20045FDBD /* Cocoa.framework in Frameworks */,
			);
			runOnlyForDeploymentPostprocessing = 0;
		};
		98B66227185728A20045FDBD /* Frameworks */ = {
			isa = PBXFrameworksBuildPhase;
			buildActionMask = 2147483647;
			files = (
				98B6622D185728A20045FDBD /* Cocoa.framework in Frameworks */,
				98B6622C185728A20045FDBD /* XCTest.framework in Frameworks */,
			);
			runOnlyForDeploymentPostprocessing = 0;
		};
/* End PBXFrameworksBuildPhase section */

/* Begin PBXGroup section */
		980AC69E185A50DF00611C26 /* Code Execution */ = {
			isa = PBXGroup;
			children = (
				980AC69F185A510000611C26 /* IKBCodeRunner.h */,
				980AC6A0185A510000611C26 /* IKBCodeRunner.m */,
				980AC6A2185A519600611C26 /* IKBCompiler.h */,
				980AC6A3185A519600611C26 /* IKBCompiler.mm */,
			);
			name = "Code Execution";
			sourceTree = "<group>";
		};
		98B66200185728A10045FDBD = {
			isa = PBXGroup;
			children = (
				98B66212185728A20045FDBD /* ClassBrowser */,
				98B66230185728A20045FDBD /* ClassBrowserTests */,
				98B6620B185728A20045FDBD /* Frameworks */,
				98B6620A185728A20045FDBD /* Products */,
			);
			sourceTree = "<group>";
		};
		98B6620A185728A20045FDBD /* Products */ = {
			isa = PBXGroup;
			children = (
				98B66209185728A20045FDBD /* ClassBrowser.app */,
				98B6622A185728A20045FDBD /* ClassBrowserTests.xctest */,
			);
			name = Products;
			sourceTree = "<group>";
		};
		98B6620B185728A20045FDBD /* Frameworks */ = {
			isa = PBXGroup;
			children = (
				98B6620C185728A20045FDBD /* Cocoa.framework */,
				98B6622B185728A20045FDBD /* XCTest.framework */,
				98B6620E185728A20045FDBD /* Other Frameworks */,
			);
			name = Frameworks;
			sourceTree = "<group>";
		};
		98B6620E185728A20045FDBD /* Other Frameworks */ = {
			isa = PBXGroup;
			children = (
				98B6620F185728A20045FDBD /* AppKit.framework */,
				98B66210185728A20045FDBD /* CoreData.framework */,
				98B66211185728A20045FDBD /* Foundation.framework */,
			);
			name = "Other Frameworks";
			sourceTree = "<group>";
		};
		98B66212185728A20045FDBD /* ClassBrowser */ = {
			isa = PBXGroup;
			children = (
				980AC69E185A50DF00611C26 /* Code Execution */,
				98B6621E185728A20045FDBD /* IKBAppDelegate.h */,
				98B6621F185728A20045FDBD /* IKBAppDelegate.m */,
				98B66221185728A20045FDBD /* MainMenu.xib */,
				98B66224185728A20045FDBD /* Images.xcassets */,
				98B66213185728A20045FDBD /* Supporting Files */,
				98B6624118574B900045FDBD /* IKBClassBrowserSource.h */,
				98B6624218574B900045FDBD /* IKBClassBrowserSource.m */,
				98B6624018574B570045FDBD /* IKBClassList.h */,
				98B6624A185788410045FDBD /* IKBClassList.m */,
				98B6624F1857D7480045FDBD /* IKBClassBrowserWindowController.h */,
				98B662541857D9EB0045FDBD /* IKBClassBrowserWindowController_ClassExtension.h */,
				98B662501857D7480045FDBD /* IKBClassBrowserWindowController.m */,
				98B662511857D7480045FDBD /* IKBClassBrowserWindowController.xib */,
			);
			path = ClassBrowser;
			sourceTree = "<group>";
		};
		98B66213185728A20045FDBD /* Supporting Files */ = {
			isa = PBXGroup;
			children = (
				98B66214185728A20045FDBD /* ClassBrowser-Info.plist */,
				98B66215185728A20045FDBD /* InfoPlist.strings */,
				98B66218185728A20045FDBD /* main.m */,
				98B6621A185728A20045FDBD /* ClassBrowser-Prefix.pch */,
				98B6621B185728A20045FDBD /* Credits.rtf */,
			);
			name = "Supporting Files";
			sourceTree = "<group>";
		};
		98B66230185728A20045FDBD /* ClassBrowserTests */ = {
			isa = PBXGroup;
			children = (
				98B66236185728A20045FDBD /* ClassBrowserTests.m */,
				98B66248185780320045FDBD /* ClassListTests.m */,
				98B6624D1857D3A10045FDBD /* BrowserWindowControllerTests.m */,
				980AC69C185A48CD00611C26 /* ExecutionTests.m */,
				980AC6A5185A524100611C26 /* CompilerTests.m */,
				98B66231185728A20045FDBD /* Supporting Files */,
				98B6624418574BE90045FDBD /* FakeClassList.h */,
				98B6624518574BE90045FDBD /* FakeClassList.m */,
			);
			path = ClassBrowserTests;
			sourceTree = "<group>";
		};
		98B66231185728A20045FDBD /* Supporting Files */ = {
			isa = PBXGroup;
			children = (
				98B66232185728A20045FDBD /* ClassBrowserTests-Info.plist */,
				98B66233185728A20045FDBD /* InfoPlist.strings */,
			);
			name = "Supporting Files";
			sourceTree = "<group>";
		};
/* End PBXGroup section */

/* Begin PBXNativeTarget section */
		98B66208185728A20045FDBD /* ClassBrowser */ = {
			isa = PBXNativeTarget;
			buildConfigurationList = 98B6623A185728A20045FDBD /* Build configuration list for PBXNativeTarget "ClassBrowser" */;
			buildPhases = (
				98B66205185728A20045FDBD /* Sources */,
				98B66206185728A20045FDBD /* Frameworks */,
				98B66207185728A20045FDBD /* Resources */,
			);
			buildRules = (
			);
			dependencies = (
			);
			name = ClassBrowser;
			productName = ClassBrowser;
			productReference = 98B66209185728A20045FDBD /* ClassBrowser.app */;
			productType = "com.apple.product-type.application";
		};
		98B66229185728A20045FDBD /* ClassBrowserTests */ = {
			isa = PBXNativeTarget;
			buildConfigurationList = 98B6623D185728A20045FDBD /* Build configuration list for PBXNativeTarget "ClassBrowserTests" */;
			buildPhases = (
				98B66226185728A20045FDBD /* Sources */,
				98B66227185728A20045FDBD /* Frameworks */,
				98B66228185728A20045FDBD /* Resources */,
			);
			buildRules = (
			);
			dependencies = (
				98B6622F185728A20045FDBD /* PBXTargetDependency */,
			);
			name = ClassBrowserTests;
			productName = ClassBrowserTests;
			productReference = 98B6622A185728A20045FDBD /* ClassBrowserTests.xctest */;
			productType = "com.apple.product-type.bundle.unit-test";
		};
/* End PBXNativeTarget section */

/* Begin PBXProject section */
		98B66201185728A10045FDBD /* Project object */ = {
			isa = PBXProject;
			attributes = {
				CLASSPREFIX = IKB;
				LastUpgradeCheck = 0500;
				ORGANIZATIONNAME = "Project Isambard";
				TargetAttributes = {
					98B66229185728A20045FDBD = {
						TestTargetID = 98B66208185728A20045FDBD;
					};
				};
			};
			buildConfigurationList = 98B66204185728A10045FDBD /* Build configuration list for PBXProject "ClassBrowser" */;
			compatibilityVersion = "Xcode 3.2";
			developmentRegion = English;
			hasScannedForEncodings = 0;
			knownRegions = (
				en,
				Base,
			);
			mainGroup = 98B66200185728A10045FDBD;
			productRefGroup = 98B6620A185728A20045FDBD /* Products */;
			projectDirPath = "";
			projectRoot = "";
			targets = (
				98B66208185728A20045FDBD /* ClassBrowser */,
				98B66229185728A20045FDBD /* ClassBrowserTests */,
			);
		};
/* End PBXProject section */

/* Begin PBXResourcesBuildPhase section */
		98B66207185728A20045FDBD /* Resources */ = {
			isa = PBXResourcesBuildPhase;
			buildActionMask = 2147483647;
			files = (
				98B66217185728A20045FDBD /* InfoPlist.strings in Resources */,
				98B66225185728A20045FDBD /* Images.xcassets in Resources */,
				98B6621D185728A20045FDBD /* Credits.rtf in Resources */,
				98B662531857D7480045FDBD /* IKBClassBrowserWindowController.xib in Resources */,
				98B66223185728A20045FDBD /* MainMenu.xib in Resources */,
			);
			runOnlyForDeploymentPostprocessing = 0;
		};
		98B66228185728A20045FDBD /* Resources */ = {
			isa = PBXResourcesBuildPhase;
			buildActionMask = 2147483647;
			files = (
				98B66235185728A20045FDBD /* InfoPlist.strings in Resources */,
			);
			runOnlyForDeploymentPostprocessing = 0;
		};
/* End PBXResourcesBuildPhase section */

/* Begin PBXSourcesBuildPhase section */
		98B66205185728A20045FDBD /* Sources */ = {
			isa = PBXSourcesBuildPhase;
			buildActionMask = 2147483647;
			files = (
				98B6624318574B900045FDBD /* IKBClassBrowserSource.m in Sources */,
				980AC6A4185A519600611C26 /* IKBCompiler.mm in Sources */,
				980AC6A1185A510000611C26 /* IKBCodeRunner.m in Sources */,
				98B66219185728A20045FDBD /* main.m in Sources */,
				98B66220185728A20045FDBD /* IKBAppDelegate.m in Sources */,
				98B6624B185788410045FDBD /* IKBClassList.m in Sources */,
				98B662521857D7480045FDBD /* IKBClassBrowserWindowController.m in Sources */,
			);
			runOnlyForDeploymentPostprocessing = 0;
		};
		98B66226185728A20045FDBD /* Sources */ = {
			isa = PBXSourcesBuildPhase;
			buildActionMask = 2147483647;
			files = (
				98B6624E1857D3A10045FDBD /* BrowserWindowControllerTests.m in Sources */,
				980AC69D185A48CD00611C26 /* ExecutionTests.m in Sources */,
				98B66249185780320045FDBD /* ClassListTests.m in Sources */,
				98B66237185728A20045FDBD /* ClassBrowserTests.m in Sources */,
				980AC6A6185A524100611C26 /* CompilerTests.m in Sources */,
				98B6624C185791510045FDBD /* FakeClassList.m in Sources */,
			);
			runOnlyForDeploymentPostprocessing = 0;
		};
/* End PBXSourcesBuildPhase section */

/* Begin PBXTargetDependency section */
		98B6622F185728A20045FDBD /* PBXTargetDependency */ = {
			isa = PBXTargetDependency;
			target = 98B66208185728A20045FDBD /* ClassBrowser */;
			targetProxy = 98B6622E185728A20045FDBD /* PBXContainerItemProxy */;
		};
/* End PBXTargetDependency section */

/* Begin PBXVariantGroup section */
		98B66215185728A20045FDBD /* InfoPlist.strings */ = {
			isa = PBXVariantGroup;
			children = (
				98B66216185728A20045FDBD /* en */,
			);
			name = InfoPlist.strings;
			sourceTree = "<group>";
		};
		98B6621B185728A20045FDBD /* Credits.rtf */ = {
			isa = PBXVariantGroup;
			children = (
				98B6621C185728A20045FDBD /* en */,
			);
			name = Credits.rtf;
			sourceTree = "<group>";
		};
		98B66221185728A20045FDBD /* MainMenu.xib */ = {
			isa = PBXVariantGroup;
			children = (
				98B66222185728A20045FDBD /* Base */,
			);
			name = MainMenu.xib;
			sourceTree = "<group>";
		};
		98B66233185728A20045FDBD /* InfoPlist.strings */ = {
			isa = PBXVariantGroup;
			children = (
				98B66234185728A20045FDBD /* en */,
			);
			name = InfoPlist.strings;
			sourceTree = "<group>";
		};
/* End PBXVariantGroup section */

/* Begin XCBuildConfiguration section */
		98B66238185728A20045FDBD /* Debug */ = {
			isa = XCBuildConfiguration;
			buildSettings = {
				ALWAYS_SEARCH_USER_PATHS = NO;
				CLANG_CXX_LANGUAGE_STANDARD = "gnu++0x";
				CLANG_CXX_LIBRARY = "libc++";
				CLANG_ENABLE_OBJC_ARC = YES;
				CLANG_WARN_BOOL_CONVERSION = YES;
				CLANG_WARN_CONSTANT_CONVERSION = YES;
				CLANG_WARN_DIRECT_OBJC_ISA_USAGE = YES_ERROR;
				CLANG_WARN_EMPTY_BODY = YES;
				CLANG_WARN_ENUM_CONVERSION = YES;
				CLANG_WARN_INT_CONVERSION = YES;
				CLANG_WARN_OBJC_ROOT_CLASS = YES_ERROR;
				CLANG_WARN__DUPLICATE_METHOD_MATCH = YES;
				COPY_PHASE_STRIP = NO;
				GCC_C_LANGUAGE_STANDARD = gnu99;
				GCC_DYNAMIC_NO_PIC = NO;
				GCC_ENABLE_OBJC_EXCEPTIONS = YES;
				GCC_OPTIMIZATION_LEVEL = 0;
				GCC_PREPROCESSOR_DEFINITIONS = (
					"DEBUG=1",
					"$(inherited)",
				);
				GCC_SYMBOLS_PRIVATE_EXTERN = NO;
				GCC_WARN_64_TO_32_BIT_CONVERSION = YES;
				GCC_WARN_ABOUT_RETURN_TYPE = YES_ERROR;
				GCC_WARN_UNDECLARED_SELECTOR = YES;
				GCC_WARN_UNINITIALIZED_AUTOS = YES;
				GCC_WARN_UNUSED_FUNCTION = YES;
				GCC_WARN_UNUSED_VARIABLE = YES;
				MACOSX_DEPLOYMENT_TARGET = 10.9;
				ONLY_ACTIVE_ARCH = YES;
				SDKROOT = macosx;
			};
			name = Debug;
		};
		98B66239185728A20045FDBD /* Release */ = {
			isa = XCBuildConfiguration;
			buildSettings = {
				ALWAYS_SEARCH_USER_PATHS = NO;
				CLANG_CXX_LANGUAGE_STANDARD = "gnu++0x";
				CLANG_CXX_LIBRARY = "libc++";
				CLANG_ENABLE_OBJC_ARC = YES;
				CLANG_WARN_BOOL_CONVERSION = YES;
				CLANG_WARN_CONSTANT_CONVERSION = YES;
				CLANG_WARN_DIRECT_OBJC_ISA_USAGE = YES_ERROR;
				CLANG_WARN_EMPTY_BODY = YES;
				CLANG_WARN_ENUM_CONVERSION = YES;
				CLANG_WARN_INT_CONVERSION = YES;
				CLANG_WARN_OBJC_ROOT_CLASS = YES_ERROR;
				CLANG_WARN__DUPLICATE_METHOD_MATCH = YES;
				COPY_PHASE_STRIP = YES;
				DEBUG_INFORMATION_FORMAT = "dwarf-with-dsym";
				ENABLE_NS_ASSERTIONS = NO;
				GCC_C_LANGUAGE_STANDARD = gnu99;
				GCC_ENABLE_OBJC_EXCEPTIONS = YES;
				GCC_WARN_64_TO_32_BIT_CONVERSION = YES;
				GCC_WARN_ABOUT_RETURN_TYPE = YES_ERROR;
				GCC_WARN_UNDECLARED_SELECTOR = YES;
				GCC_WARN_UNINITIALIZED_AUTOS = YES;
				GCC_WARN_UNUSED_FUNCTION = YES;
				GCC_WARN_UNUSED_VARIABLE = YES;
				MACOSX_DEPLOYMENT_TARGET = 10.9;
				SDKROOT = macosx;
			};
			name = Release;
		};
		98B6623B185728A20045FDBD /* Debug */ = {
			isa = XCBuildConfiguration;
			buildSettings = {
				ASSETCATALOG_COMPILER_APPICON_NAME = AppIcon;
				COMBINE_HIDPI_IMAGES = YES;
				GCC_PRECOMPILE_PREFIX_HEADER = YES;
				GCC_PREFIX_HEADER = "ClassBrowser/ClassBrowser-Prefix.pch";
				INFOPLIST_FILE = "ClassBrowser/ClassBrowser-Info.plist";
				PRODUCT_NAME = "$(TARGET_NAME)";
				WRAPPER_EXTENSION = app;
			};
			name = Debug;
		};
		98B6623C185728A20045FDBD /* Release */ = {
			isa = XCBuildConfiguration;
			buildSettings = {
				ASSETCATALOG_COMPILER_APPICON_NAME = AppIcon;
				COMBINE_HIDPI_IMAGES = YES;
				GCC_PRECOMPILE_PREFIX_HEADER = YES;
				GCC_PREFIX_HEADER = "ClassBrowser/ClassBrowser-Prefix.pch";
				INFOPLIST_FILE = "ClassBrowser/ClassBrowser-Info.plist";
				PRODUCT_NAME = "$(TARGET_NAME)";
				WRAPPER_EXTENSION = app;
			};
			name = Release;
		};
		98B6623E185728A20045FDBD /* Debug */ = {
			isa = XCBuildConfiguration;
			buildSettings = {
				BUNDLE_LOADER = "$(BUILT_PRODUCTS_DIR)/ClassBrowser.app/Contents/MacOS/ClassBrowser";
				COMBINE_HIDPI_IMAGES = YES;
				FRAMEWORK_SEARCH_PATHS = (
					"$(DEVELOPER_FRAMEWORKS_DIR)",
					"$(inherited)",
				);
				GCC_PRECOMPILE_PREFIX_HEADER = YES;
				GCC_PREFIX_HEADER = "ClassBrowser/ClassBrowser-Prefix.pch";
				GCC_PREPROCESSOR_DEFINITIONS = (
					"DEBUG=1",
					"$(inherited)",
				);
				INFOPLIST_FILE = "ClassBrowserTests/ClassBrowserTests-Info.plist";
				PRODUCT_NAME = "$(TARGET_NAME)";
				TEST_HOST = "$(BUNDLE_LOADER)";
				WRAPPER_EXTENSION = xctest;
			};
			name = Debug;
		};
		98B6623F185728A20045FDBD /* Release */ = {
			isa = XCBuildConfiguration;
			buildSettings = {
				BUNDLE_LOADER = "$(BUILT_PRODUCTS_DIR)/ClassBrowser.app/Contents/MacOS/ClassBrowser";
				COMBINE_HIDPI_IMAGES = YES;
				FRAMEWORK_SEARCH_PATHS = (
					"$(DEVELOPER_FRAMEWORKS_DIR)",
					"$(inherited)",
				);
				GCC_PRECOMPILE_PREFIX_HEADER = YES;
				GCC_PREFIX_HEADER = "ClassBrowser/ClassBrowser-Prefix.pch";
				INFOPLIST_FILE = "ClassBrowserTests/ClassBrowserTests-Info.plist";
				PRODUCT_NAME = "$(TARGET_NAME)";
				TEST_HOST = "$(BUNDLE_LOADER)";
				WRAPPER_EXTENSION = xctest;
			};
			name = Release;
		};
/* End XCBuildConfiguration section */

/* Begin XCConfigurationList section */
		98B66204185728A10045FDBD /* Build configuration list for PBXProject "ClassBrowser" */ = {
			isa = XCConfigurationList;
			buildConfigurations = (
				98B66238185728A20045FDBD /* Debug */,
				98B66239185728A20045FDBD /* Release */,
			);
			defaultConfigurationIsVisible = 0;
			defaultConfigurationName = Release;
		};
		98B6623A185728A20045FDBD /* Build configuration list for PBXNativeTarget "ClassBrowser" */ = {
			isa = XCConfigurationList;
			buildConfigurations = (
				98B6623B185728A20045FDBD /* Debug */,
				98B6623C185728A20045FDBD /* Release */,
			);
			defaultConfigurationIsVisible = 0;
			defaultConfigurationName = Release;
		};
		98B6623D185728A20045FDBD /* Build configuration list for PBXNativeTarget "ClassBrowserTests" */ = {
			isa = XCConfigurationList;
			buildConfigurations = (
				98B6623E185728A20045FDBD /* Debug */,
				98B6623F185728A20045FDBD /* Release */,
			);
			defaultConfigurationIsVisible = 0;
			defaultConfigurationName = Release;
		};
/* End XCConfigurationList section */
	};
	rootObject = 98B66201185728A10045FDBD /* Project object */;
}
